
Microsoft Visual Studio Solution File, Format Version 12.00
# Visual Studio Version 16
VisualStudioVersion = 16.0.29613.14
MinimumVisualStudioVersion = 10.0.40219.1
Project("{FAE04EC0-301F-11D3-BF4B-00C04F79EFBC}") = "01_intro", "01_intro\01_intro.csproj", "{AE0589B8-A757-4FD1-B618-CA18EB16C8E6}"
EndProject
Project("{FAE04EC0-301F-11D3-BF4B-00C04F79EFBC}") = "02_degiskenler", "02_degiskenler\02_degiskenler.csproj", "{B460BE00-CD0B-4CA2-A488-043446D74984}"
EndProject
Project("{FAE04EC0-301F-11D3-BF4B-00C04F79EFBC}") = "03_diziler", "03_diziler\03_diziler.csproj", "{ABC91D37-0440-494A-87BB-3921864D734C}"
EndProject
Project("{FAE04EC0-301F-11D3-BF4B-00C04F79EFBC}") = "04_tur_donusumleri", "04_tur_donusumleri\04_tur_donusumleri.csproj", "{0FE0FE5E-21D2-4618-86D2-871C9D38416E}"
EndProject
Project("{FAE04EC0-301F-11D3-BF4B-00C04F79EFBC}") = "05_operatorler", "05_operatorler\05_operatorler.csproj", "{F40481B5-9C12-4DD6-9D22-6A7F07A2CDDB}"
EndProject
Project("{FAE04EC0-301F-11D3-BF4B-00C04F79EFBC}") = "06_if_else_yapisi", "06_if_else_yapisi\06_if_else_yapisi.csproj", "{F55264F9-E4F6-474C-BBF8-45D28656C7F0}"
EndProject
Project("{FAE04EC0-301F-11D3-BF4B-00C04F79EFBC}") = "07_switch_case", "07_switch_case\07_switch_case.csproj", "{C7425DC3-3EAF-4D5C-AB95-89247E65104D}"
EndProject
Project("{FAE04EC0-301F-11D3-BF4B-00C04F79EFBC}") = "08_while_dongusu", "08_while_dongusu\08_while_dongusu.csproj", "{D5FF0BC9-3A66-414D-9838-E22E05F33030}"
EndProject
Project("{FAE04EC0-301F-11D3-BF4B-00C04F79EFBC}") = "09_for_dongusu", "09_for_dongusu\09_for_dongusu.csproj", "{C7AD9C22-EA6F-43A6-9F08-9D057914CBEA}"
EndProject
Project("{FAE04EC0-301F-11D3-BF4B-00C04F79EFBC}") = "10_foreach_dongusu", "10_foreach_dongusu\10_foreach_dongusu.csproj", "{6FE49BEF-1ECD-4745-B037-5536E782C8C8}"
EndProject
Project("{FAE04EC0-301F-11D3-BF4B-00C04F79EFBC}") = "11_do_while_dongusu", "11_do_while\11_do_while_dongusu.csproj", "{22228C30-03D0-4E75-BCD8-30F553F44906}"
EndProject
Project("{FAE04EC0-301F-11D3-BF4B-00C04F79EFBC}") = "12_sinif_tanimlama", "12_sinif_tanimlama\12_sinif_tanimlama.csproj", "{293C0384-EBEE-45B1-8C55-F95B298F815D}"
EndProject
Project("{FAE04EC0-301F-11D3-BF4B-00C04F79EFBC}") = "13_deger_dondurmeyen_metodlar", "13_deger_dondurmeyen_metodlar\13_deger_dondurmeyen_metodlar.csproj", "{F8CFAC46-2460-4515-A2E2-F820F2FF2A1E}"
EndProject
Project("{FAE04EC0-301F-11D3-BF4B-00C04F79EFBC}") = "14_deger_donduren_metodlar", "14_deger_donduren_metodlar\14_deger_donduren_metodlar.csproj", "{E640C385-3DC1-4A85-AAB7-7AC6545153C2}"
EndProject
Project("{FAE04EC0-301F-11D3-BF4B-00C04F79EFBC}") = "15_degisken_sayida_parametre_alan_metodlar", "15_degisken_sayida_parametre_alan_metodlar\15_degisken_sayida_parametre_alan_metodlar.csproj", "{408235BC-C665-4675-BB47-2EFCF3E839E4}"
EndProject
Project("{FAE04EC0-301F-11D3-BF4B-00C04F79EFBC}") = "16_yapici_metodlar", "16_yapici_metodlar\16_yapici_metodlar.csproj", "{A0971BA4-2B30-4B62-B8B6-2123B71F0D6C}"
EndProject
Project("{FAE04EC0-301F-11D3-BF4B-00C04F79EFBC}") = "17_property_kavramlari", "17_property_kavramlari\17_property_kavramlari.csproj", "{9FF2A194-0AED-4779-B5C3-DA70B75FB9DA}"
EndProject
Project("{FAE04EC0-301F-11D3-BF4B-00C04F79EFBC}") = "18_kalitim", "18_kalitim\18_kalitim.csproj", "{365FD0BB-B14E-435B-9A62-E69A29C9C298}"
EndProject
Project("{FAE04EC0-301F-11D3-BF4B-00C04F79EFBC}") = "19_namespace", "19_namespace\19_namespace.csproj", "{FF830354-4AD0-4F00-8BBC-60CB9C1D5271}"
EndProject
Project("{FAE04EC0-301F-11D3-BF4B-00C04F79EFBC}") = "20_enum", "20_enum\20_enum.csproj", "{BC813CC7-8E28-43D2-9E38-E4642C8BCA98}"
EndProject
Project("{FAE04EC0-301F-11D3-BF4B-00C04F79EFBC}") = "21_string", "21_string\21_string.csproj", "{AB2A2DFA-4C8A-4C25-9883-77F9AD09BD1A}"
EndProject
Project("{FAE04EC0-301F-11D3-BF4B-00C04F79EFBC}") = "22_datetime_sinifi", "22_datetime_sinifi\22_datetime_sinifi.csproj", "{A41A7D34-66DE-456F-BC56-CE3A88594B70}"
EndProject
Project("{FAE04EC0-301F-11D3-BF4B-00C04F79EFBC}") = "23_math", "23_math\23_math.csproj", "{24541E69-2374-4E3E-8613-D526E12FA255}"
EndProject
Project("{FAE04EC0-301F-11D3-BF4B-00C04F79EFBC}") = "24_char", "24_char\24_char.csproj", "{1C967487-97D5-4BEB-AE3D-992AB2575AA3}"
EndProject
Project("{FAE04EC0-301F-11D3-BF4B-00C04F79EFBC}") = "25_array_list", "25_array_list\25_array_list.csproj", "{45465791-951E-4C31-B093-8A0EB32A7859}"
EndProject
Project("{FAE04EC0-301F-11D3-BF4B-00C04F79EFBC}") = "26_hashtable", "26_hashtable\26_hashtable.csproj", "{D78FDF37-8F42-4907-8231-A31BF5DF9F52}"
EndProject
Project("{FAE04EC0-301F-11D3-BF4B-00C04F79EFBC}") = "27_queue", "27_queue\27_queue.csproj", "{086DD234-47F0-46A6-9062-BD813D9B55AD}"
EndProject
Project("{FAE04EC0-301F-11D3-BF4B-00C04F79EFBC}") = "28_stack", "28_stack\28_stack.csproj", "{F39ED334-E9AE-4ED8-BD8A-4D12F486A55A}"
EndProject
Project("{FAE04EC0-301F-11D3-BF4B-00C04F79EFBC}") = "29_list_kullanimi", "29_list_kullanimi\29_list_kullanimi.csproj", "{122CC398-5FCD-4B20-BD2F-71CE88D551EE}"
EndProject
Project("{2150E333-8FDC-42A3-9474-1A3956D46DE8}") = "01-intro", "01-intro", "{4F5475A7-923E-45B6-9A86-2BB75C319C56}"
EndProject
Project("{2150E333-8FDC-42A3-9474-1A3956D46DE8}") = "02_Sart_Ifadeleri", "02_Sart_Ifadeleri", "{B026413A-88F5-4745-98C1-E4BE6907D59A}"
EndProject
Project("{2150E333-8FDC-42A3-9474-1A3956D46DE8}") = "03_Donguler", "03_Donguler", "{401A2F35-141B-4E32-B349-EC3D5810F0DB}"
EndProject
Project("{2150E333-8FDC-42A3-9474-1A3956D46DE8}") = "04_Siniflar_Metodlar", "04_Siniflar_Metodlar", "{F4D39717-69D2-4E33-B729-C09ED9020D66}"
EndProject
Project("{2150E333-8FDC-42A3-9474-1A3956D46DE8}") = "05_Sik_Kullanilan_Siniflar", "05_Sik_Kullanilan_Siniflar", "{2F5B29C8-2DB7-4595-B0B3-D8E7676D6E9C}"
EndProject
Project("{2150E333-8FDC-42A3-9474-1A3956D46DE8}") = "06_Koleksiyon_Siniflar", "06_Koleksiyon_Siniflar", "{DE715D84-ECF9-4E5E-9CB1-94EF74A0E529}"
EndProject
Project("{2150E333-8FDC-42A3-9474-1A3956D46DE8}") = "07_Jenerik_Koleksiyonlar", "07_Jenerik_Koleksiyonlar", "{D6D7DD17-370D-4B3B-BC9F-260B4B8DF8E6}"
EndProject
Project("{FAE04EC0-301F-11D3-BF4B-00C04F79EFBC}") = "30_dictionary_kullanimi", "30_dictionary_kullanimi\30_dictionary_kullanimi.csproj", "{CDB7F734-1C72-482E-AB3B-3E2BD64924C1}"
EndProject
Project("{FAE04EC0-301F-11D3-BF4B-00C04F79EFBC}") = "31_queue_stack_kullanimi", "31_queue_stack_kullanimi\31_queue_stack_kullanimi.csproj", "{1B7AC463-F5E2-460E-87E3-144CA616312C}"
EndProject
Project("{2150E333-8FDC-42A3-9474-1A3956D46DE8}") = "08_Dosya_ve_Klasor_Islemleri", "08_Dosya_ve_Klasor_Islemleri", "{3339DDF9-87F9-4ABA-82A4-36DD880D92A9}"
EndProject
Project("{FAE04EC0-301F-11D3-BF4B-00C04F79EFBC}") = "32_file_sinifi_metodlari", "32_file_sinifi_metodlari\32_file_sinifi_metodlari.csproj", "{286A4C36-FD87-4B10-8956-089D94DD00FB}"
EndProject
Project("{FAE04EC0-301F-11D3-BF4B-00C04F79EFBC}") = "33_file_info_sinif_metodlari", "33_file_info_sinif_metodlari\33_file_info_sinif_metodlari.csproj", "{9F259E59-868B-4A4A-80A1-8A25430A8A0B}"
EndProject
Project("{FAE04EC0-301F-11D3-BF4B-00C04F79EFBC}") = "34_directory_sinifi_metodlari", "34_dicertory_sinifi_metodlari\34_directory_sinifi_metodlari.csproj", "{C0F4F762-CA02-4B6D-B4BF-9C046B5DD3E2}"
EndProject
Project("{FAE04EC0-301F-11D3-BF4B-00C04F79EFBC}") = "35_directory_info_sinifi_metodlari", "35_directory_info_sinifi_metodlari\35_directory_info_sinifi_metodlari.csproj", "{02689A3E-537B-4FEB-9965-4304301AF9E0}"
EndProject
Project("{FAE04EC0-301F-11D3-BF4B-00C04F79EFBC}") = "36_driver_info_sinifi", "36_driver_info_sinifi\36_driver_info_sinifi.csproj", "{8547CB12-01B4-495E-A59C-3D924106C90C}"
EndProject
Project("{FAE04EC0-301F-11D3-BF4B-00C04F79EFBC}") = "37_streamreader_sinifi", "37_streamreader_sinifi\37_streamreader_sinifi.csproj", "{B51278C0-3AA5-4C7A-A9A4-D61E2476CC9E}"
EndProject
Project("{FAE04EC0-301F-11D3-BF4B-00C04F79EFBC}") = "38_stream_writer_sinif", "38_stream_writer_sinif\38_stream_writer_sinif.csproj", "{F317678F-984A-46C4-A552-D58705EA3163}"
EndProject
Project("{FAE04EC0-301F-11D3-BF4B-00C04F79EFBC}") = "39_encoding_encoding_info_sinifi", "39_encoding_encoding_info_sinifi\39_encoding_encoding_info_sinifi.csproj", "{32895AEA-FC42-48FA-AEA9-9C479EDE09CE}"
EndProject
Global
	GlobalSection(SolutionConfigurationPlatforms) = preSolution
		Debug|Any CPU = Debug|Any CPU
		Release|Any CPU = Release|Any CPU
	EndGlobalSection
	GlobalSection(ProjectConfigurationPlatforms) = postSolution
		{AE0589B8-A757-4FD1-B618-CA18EB16C8E6}.Debug|Any CPU.ActiveCfg = Debug|Any CPU
		{AE0589B8-A757-4FD1-B618-CA18EB16C8E6}.Debug|Any CPU.Build.0 = Debug|Any CPU
		{AE0589B8-A757-4FD1-B618-CA18EB16C8E6}.Release|Any CPU.ActiveCfg = Release|Any CPU
		{AE0589B8-A757-4FD1-B618-CA18EB16C8E6}.Release|Any CPU.Build.0 = Release|Any CPU
		{B460BE00-CD0B-4CA2-A488-043446D74984}.Debug|Any CPU.ActiveCfg = Debug|Any CPU
		{B460BE00-CD0B-4CA2-A488-043446D74984}.Debug|Any CPU.Build.0 = Debug|Any CPU
		{B460BE00-CD0B-4CA2-A488-043446D74984}.Release|Any CPU.ActiveCfg = Release|Any CPU
		{B460BE00-CD0B-4CA2-A488-043446D74984}.Release|Any CPU.Build.0 = Release|Any CPU
		{ABC91D37-0440-494A-87BB-3921864D734C}.Debug|Any CPU.ActiveCfg = Debug|Any CPU
		{ABC91D37-0440-494A-87BB-3921864D734C}.Debug|Any CPU.Build.0 = Debug|Any CPU
		{ABC91D37-0440-494A-87BB-3921864D734C}.Release|Any CPU.ActiveCfg = Release|Any CPU
		{ABC91D37-0440-494A-87BB-3921864D734C}.Release|Any CPU.Build.0 = Release|Any CPU
		{0FE0FE5E-21D2-4618-86D2-871C9D38416E}.Debug|Any CPU.ActiveCfg = Debug|Any CPU
		{0FE0FE5E-21D2-4618-86D2-871C9D38416E}.Debug|Any CPU.Build.0 = Debug|Any CPU
		{0FE0FE5E-21D2-4618-86D2-871C9D38416E}.Release|Any CPU.ActiveCfg = Release|Any CPU
		{0FE0FE5E-21D2-4618-86D2-871C9D38416E}.Release|Any CPU.Build.0 = Release|Any CPU
		{F40481B5-9C12-4DD6-9D22-6A7F07A2CDDB}.Debug|Any CPU.ActiveCfg = Debug|Any CPU
		{F40481B5-9C12-4DD6-9D22-6A7F07A2CDDB}.Debug|Any CPU.Build.0 = Debug|Any CPU
		{F40481B5-9C12-4DD6-9D22-6A7F07A2CDDB}.Release|Any CPU.ActiveCfg = Release|Any CPU
		{F40481B5-9C12-4DD6-9D22-6A7F07A2CDDB}.Release|Any CPU.Build.0 = Release|Any CPU
		{F55264F9-E4F6-474C-BBF8-45D28656C7F0}.Debug|Any CPU.ActiveCfg = Debug|Any CPU
		{F55264F9-E4F6-474C-BBF8-45D28656C7F0}.Debug|Any CPU.Build.0 = Debug|Any CPU
		{F55264F9-E4F6-474C-BBF8-45D28656C7F0}.Release|Any CPU.ActiveCfg = Release|Any CPU
		{F55264F9-E4F6-474C-BBF8-45D28656C7F0}.Release|Any CPU.Build.0 = Release|Any CPU
		{C7425DC3-3EAF-4D5C-AB95-89247E65104D}.Debug|Any CPU.ActiveCfg = Debug|Any CPU
		{C7425DC3-3EAF-4D5C-AB95-89247E65104D}.Debug|Any CPU.Build.0 = Debug|Any CPU
		{C7425DC3-3EAF-4D5C-AB95-89247E65104D}.Release|Any CPU.ActiveCfg = Release|Any CPU
		{C7425DC3-3EAF-4D5C-AB95-89247E65104D}.Release|Any CPU.Build.0 = Release|Any CPU
		{D5FF0BC9-3A66-414D-9838-E22E05F33030}.Debug|Any CPU.ActiveCfg = Debug|Any CPU
		{D5FF0BC9-3A66-414D-9838-E22E05F33030}.Debug|Any CPU.Build.0 = Debug|Any CPU
		{D5FF0BC9-3A66-414D-9838-E22E05F33030}.Release|Any CPU.ActiveCfg = Release|Any CPU
		{D5FF0BC9-3A66-414D-9838-E22E05F33030}.Release|Any CPU.Build.0 = Release|Any CPU
		{C7AD9C22-EA6F-43A6-9F08-9D057914CBEA}.Debug|Any CPU.ActiveCfg = Debug|Any CPU
		{C7AD9C22-EA6F-43A6-9F08-9D057914CBEA}.Debug|Any CPU.Build.0 = Debug|Any CPU
		{C7AD9C22-EA6F-43A6-9F08-9D057914CBEA}.Release|Any CPU.ActiveCfg = Release|Any CPU
		{C7AD9C22-EA6F-43A6-9F08-9D057914CBEA}.Release|Any CPU.Build.0 = Release|Any CPU
		{6FE49BEF-1ECD-4745-B037-5536E782C8C8}.Debug|Any CPU.ActiveCfg = Debug|Any CPU
		{6FE49BEF-1ECD-4745-B037-5536E782C8C8}.Debug|Any CPU.Build.0 = Debug|Any CPU
		{6FE49BEF-1ECD-4745-B037-5536E782C8C8}.Release|Any CPU.ActiveCfg = Release|Any CPU
		{6FE49BEF-1ECD-4745-B037-5536E782C8C8}.Release|Any CPU.Build.0 = Release|Any CPU
		{22228C30-03D0-4E75-BCD8-30F553F44906}.Debug|Any CPU.ActiveCfg = Debug|Any CPU
		{22228C30-03D0-4E75-BCD8-30F553F44906}.Debug|Any CPU.Build.0 = Debug|Any CPU
		{22228C30-03D0-4E75-BCD8-30F553F44906}.Release|Any CPU.ActiveCfg = Release|Any CPU
		{22228C30-03D0-4E75-BCD8-30F553F44906}.Release|Any CPU.Build.0 = Release|Any CPU
		{293C0384-EBEE-45B1-8C55-F95B298F815D}.Debug|Any CPU.ActiveCfg = Debug|Any CPU
		{293C0384-EBEE-45B1-8C55-F95B298F815D}.Debug|Any CPU.Build.0 = Debug|Any CPU
		{293C0384-EBEE-45B1-8C55-F95B298F815D}.Release|Any CPU.ActiveCfg = Release|Any CPU
		{293C0384-EBEE-45B1-8C55-F95B298F815D}.Release|Any CPU.Build.0 = Release|Any CPU
		{F8CFAC46-2460-4515-A2E2-F820F2FF2A1E}.Debug|Any CPU.ActiveCfg = Debug|Any CPU
		{F8CFAC46-2460-4515-A2E2-F820F2FF2A1E}.Debug|Any CPU.Build.0 = Debug|Any CPU
		{F8CFAC46-2460-4515-A2E2-F820F2FF2A1E}.Release|Any CPU.ActiveCfg = Release|Any CPU
		{F8CFAC46-2460-4515-A2E2-F820F2FF2A1E}.Release|Any CPU.Build.0 = Release|Any CPU
		{E640C385-3DC1-4A85-AAB7-7AC6545153C2}.Debug|Any CPU.ActiveCfg = Debug|Any CPU
		{E640C385-3DC1-4A85-AAB7-7AC6545153C2}.Debug|Any CPU.Build.0 = Debug|Any CPU
		{E640C385-3DC1-4A85-AAB7-7AC6545153C2}.Release|Any CPU.ActiveCfg = Release|Any CPU
		{E640C385-3DC1-4A85-AAB7-7AC6545153C2}.Release|Any CPU.Build.0 = Release|Any CPU
		{408235BC-C665-4675-BB47-2EFCF3E839E4}.Debug|Any CPU.ActiveCfg = Debug|Any CPU
		{408235BC-C665-4675-BB47-2EFCF3E839E4}.Debug|Any CPU.Build.0 = Debug|Any CPU
		{408235BC-C665-4675-BB47-2EFCF3E839E4}.Release|Any CPU.ActiveCfg = Release|Any CPU
		{408235BC-C665-4675-BB47-2EFCF3E839E4}.Release|Any CPU.Build.0 = Release|Any CPU
		{A0971BA4-2B30-4B62-B8B6-2123B71F0D6C}.Debug|Any CPU.ActiveCfg = Debug|Any CPU
		{A0971BA4-2B30-4B62-B8B6-2123B71F0D6C}.Debug|Any CPU.Build.0 = Debug|Any CPU
		{A0971BA4-2B30-4B62-B8B6-2123B71F0D6C}.Release|Any CPU.ActiveCfg = Release|Any CPU
		{A0971BA4-2B30-4B62-B8B6-2123B71F0D6C}.Release|Any CPU.Build.0 = Release|Any CPU
		{9FF2A194-0AED-4779-B5C3-DA70B75FB9DA}.Debug|Any CPU.ActiveCfg = Debug|Any CPU
		{9FF2A194-0AED-4779-B5C3-DA70B75FB9DA}.Debug|Any CPU.Build.0 = Debug|Any CPU
		{9FF2A194-0AED-4779-B5C3-DA70B75FB9DA}.Release|Any CPU.ActiveCfg = Release|Any CPU
		{9FF2A194-0AED-4779-B5C3-DA70B75FB9DA}.Release|Any CPU.Build.0 = Release|Any CPU
		{365FD0BB-B14E-435B-9A62-E69A29C9C298}.Debug|Any CPU.ActiveCfg = Debug|Any CPU
		{365FD0BB-B14E-435B-9A62-E69A29C9C298}.Debug|Any CPU.Build.0 = Debug|Any CPU
		{365FD0BB-B14E-435B-9A62-E69A29C9C298}.Release|Any CPU.ActiveCfg = Release|Any CPU
		{365FD0BB-B14E-435B-9A62-E69A29C9C298}.Release|Any CPU.Build.0 = Release|Any CPU
		{FF830354-4AD0-4F00-8BBC-60CB9C1D5271}.Debug|Any CPU.ActiveCfg = Debug|Any CPU
		{FF830354-4AD0-4F00-8BBC-60CB9C1D5271}.Debug|Any CPU.Build.0 = Debug|Any CPU
		{FF830354-4AD0-4F00-8BBC-60CB9C1D5271}.Release|Any CPU.ActiveCfg = Release|Any CPU
		{FF830354-4AD0-4F00-8BBC-60CB9C1D5271}.Release|Any CPU.Build.0 = Release|Any CPU
		{BC813CC7-8E28-43D2-9E38-E4642C8BCA98}.Debug|Any CPU.ActiveCfg = Debug|Any CPU
		{BC813CC7-8E28-43D2-9E38-E4642C8BCA98}.Debug|Any CPU.Build.0 = Debug|Any CPU
		{BC813CC7-8E28-43D2-9E38-E4642C8BCA98}.Release|Any CPU.ActiveCfg = Release|Any CPU
		{BC813CC7-8E28-43D2-9E38-E4642C8BCA98}.Release|Any CPU.Build.0 = Release|Any CPU
		{AB2A2DFA-4C8A-4C25-9883-77F9AD09BD1A}.Debug|Any CPU.ActiveCfg = Debug|Any CPU
		{AB2A2DFA-4C8A-4C25-9883-77F9AD09BD1A}.Debug|Any CPU.Build.0 = Debug|Any CPU
		{AB2A2DFA-4C8A-4C25-9883-77F9AD09BD1A}.Release|Any CPU.ActiveCfg = Release|Any CPU
		{AB2A2DFA-4C8A-4C25-9883-77F9AD09BD1A}.Release|Any CPU.Build.0 = Release|Any CPU
		{A41A7D34-66DE-456F-BC56-CE3A88594B70}.Debug|Any CPU.ActiveCfg = Debug|Any CPU
		{A41A7D34-66DE-456F-BC56-CE3A88594B70}.Debug|Any CPU.Build.0 = Debug|Any CPU
		{A41A7D34-66DE-456F-BC56-CE3A88594B70}.Release|Any CPU.ActiveCfg = Release|Any CPU
		{A41A7D34-66DE-456F-BC56-CE3A88594B70}.Release|Any CPU.Build.0 = Release|Any CPU
		{24541E69-2374-4E3E-8613-D526E12FA255}.Debug|Any CPU.ActiveCfg = Debug|Any CPU
		{24541E69-2374-4E3E-8613-D526E12FA255}.Debug|Any CPU.Build.0 = Debug|Any CPU
		{24541E69-2374-4E3E-8613-D526E12FA255}.Release|Any CPU.ActiveCfg = Release|Any CPU
		{24541E69-2374-4E3E-8613-D526E12FA255}.Release|Any CPU.Build.0 = Release|Any CPU
		{1C967487-97D5-4BEB-AE3D-992AB2575AA3}.Debug|Any CPU.ActiveCfg = Debug|Any CPU
		{1C967487-97D5-4BEB-AE3D-992AB2575AA3}.Debug|Any CPU.Build.0 = Debug|Any CPU
		{1C967487-97D5-4BEB-AE3D-992AB2575AA3}.Release|Any CPU.ActiveCfg = Release|Any CPU
		{1C967487-97D5-4BEB-AE3D-992AB2575AA3}.Release|Any CPU.Build.0 = Release|Any CPU
		{45465791-951E-4C31-B093-8A0EB32A7859}.Debug|Any CPU.ActiveCfg = Debug|Any CPU
		{45465791-951E-4C31-B093-8A0EB32A7859}.Debug|Any CPU.Build.0 = Debug|Any CPU
		{45465791-951E-4C31-B093-8A0EB32A7859}.Release|Any CPU.ActiveCfg = Release|Any CPU
		{45465791-951E-4C31-B093-8A0EB32A7859}.Release|Any CPU.Build.0 = Release|Any CPU
		{D78FDF37-8F42-4907-8231-A31BF5DF9F52}.Debug|Any CPU.ActiveCfg = Debug|Any CPU
		{D78FDF37-8F42-4907-8231-A31BF5DF9F52}.Debug|Any CPU.Build.0 = Debug|Any CPU
		{D78FDF37-8F42-4907-8231-A31BF5DF9F52}.Release|Any CPU.ActiveCfg = Release|Any CPU
		{D78FDF37-8F42-4907-8231-A31BF5DF9F52}.Release|Any CPU.Build.0 = Release|Any CPU
		{086DD234-47F0-46A6-9062-BD813D9B55AD}.Debug|Any CPU.ActiveCfg = Debug|Any CPU
		{086DD234-47F0-46A6-9062-BD813D9B55AD}.Debug|Any CPU.Build.0 = Debug|Any CPU
		{086DD234-47F0-46A6-9062-BD813D9B55AD}.Release|Any CPU.ActiveCfg = Release|Any CPU
		{086DD234-47F0-46A6-9062-BD813D9B55AD}.Release|Any CPU.Build.0 = Release|Any CPU
		{F39ED334-E9AE-4ED8-BD8A-4D12F486A55A}.Debug|Any CPU.ActiveCfg = Debug|Any CPU
		{F39ED334-E9AE-4ED8-BD8A-4D12F486A55A}.Debug|Any CPU.Build.0 = Debug|Any CPU
		{F39ED334-E9AE-4ED8-BD8A-4D12F486A55A}.Release|Any CPU.ActiveCfg = Release|Any CPU
		{F39ED334-E9AE-4ED8-BD8A-4D12F486A55A}.Release|Any CPU.Build.0 = Release|Any CPU
		{122CC398-5FCD-4B20-BD2F-71CE88D551EE}.Debug|Any CPU.ActiveCfg = Debug|Any CPU
		{122CC398-5FCD-4B20-BD2F-71CE88D551EE}.Debug|Any CPU.Build.0 = Debug|Any CPU
		{122CC398-5FCD-4B20-BD2F-71CE88D551EE}.Release|Any CPU.ActiveCfg = Release|Any CPU
		{122CC398-5FCD-4B20-BD2F-71CE88D551EE}.Release|Any CPU.Build.0 = Release|Any CPU
		{CDB7F734-1C72-482E-AB3B-3E2BD64924C1}.Debug|Any CPU.ActiveCfg = Debug|Any CPU
		{CDB7F734-1C72-482E-AB3B-3E2BD64924C1}.Debug|Any CPU.Build.0 = Debug|Any CPU
		{CDB7F734-1C72-482E-AB3B-3E2BD64924C1}.Release|Any CPU.ActiveCfg = Release|Any CPU
		{CDB7F734-1C72-482E-AB3B-3E2BD64924C1}.Release|Any CPU.Build.0 = Release|Any CPU
		{1B7AC463-F5E2-460E-87E3-144CA616312C}.Debug|Any CPU.ActiveCfg = Debug|Any CPU
		{1B7AC463-F5E2-460E-87E3-144CA616312C}.Debug|Any CPU.Build.0 = Debug|Any CPU
		{1B7AC463-F5E2-460E-87E3-144CA616312C}.Release|Any CPU.ActiveCfg = Release|Any CPU
		{1B7AC463-F5E2-460E-87E3-144CA616312C}.Release|Any CPU.Build.0 = Release|Any CPU
		{286A4C36-FD87-4B10-8956-089D94DD00FB}.Debug|Any CPU.ActiveCfg = Debug|Any CPU
		{286A4C36-FD87-4B10-8956-089D94DD00FB}.Debug|Any CPU.Build.0 = Debug|Any CPU
		{286A4C36-FD87-4B10-8956-089D94DD00FB}.Release|Any CPU.ActiveCfg = Release|Any CPU
		{286A4C36-FD87-4B10-8956-089D94DD00FB}.Release|Any CPU.Build.0 = Release|Any CPU
		{9F259E59-868B-4A4A-80A1-8A25430A8A0B}.Debug|Any CPU.ActiveCfg = Debug|Any CPU
		{9F259E59-868B-4A4A-80A1-8A25430A8A0B}.Debug|Any CPU.Build.0 = Debug|Any CPU
		{9F259E59-868B-4A4A-80A1-8A25430A8A0B}.Release|Any CPU.ActiveCfg = Release|Any CPU
		{9F259E59-868B-4A4A-80A1-8A25430A8A0B}.Release|Any CPU.Build.0 = Release|Any CPU
		{C0F4F762-CA02-4B6D-B4BF-9C046B5DD3E2}.Debug|Any CPU.ActiveCfg = Debug|Any CPU
		{C0F4F762-CA02-4B6D-B4BF-9C046B5DD3E2}.Debug|Any CPU.Build.0 = Debug|Any CPU
		{C0F4F762-CA02-4B6D-B4BF-9C046B5DD3E2}.Release|Any CPU.ActiveCfg = Release|Any CPU
		{C0F4F762-CA02-4B6D-B4BF-9C046B5DD3E2}.Release|Any CPU.Build.0 = Release|Any CPU
		{02689A3E-537B-4FEB-9965-4304301AF9E0}.Debug|Any CPU.ActiveCfg = Debug|Any CPU
		{02689A3E-537B-4FEB-9965-4304301AF9E0}.Debug|Any CPU.Build.0 = Debug|Any CPU
		{02689A3E-537B-4FEB-9965-4304301AF9E0}.Release|Any CPU.ActiveCfg = Release|Any CPU
		{02689A3E-537B-4FEB-9965-4304301AF9E0}.Release|Any CPU.Build.0 = Release|Any CPU
		{8547CB12-01B4-495E-A59C-3D924106C90C}.Debug|Any CPU.ActiveCfg = Debug|Any CPU
		{8547CB12-01B4-495E-A59C-3D924106C90C}.Debug|Any CPU.Build.0 = Debug|Any CPU
		{8547CB12-01B4-495E-A59C-3D924106C90C}.Release|Any CPU.ActiveCfg = Release|Any CPU
		{8547CB12-01B4-495E-A59C-3D924106C90C}.Release|Any CPU.Build.0 = Release|Any CPU
		{B51278C0-3AA5-4C7A-A9A4-D61E2476CC9E}.Debug|Any CPU.ActiveCfg = Debug|Any CPU
		{B51278C0-3AA5-4C7A-A9A4-D61E2476CC9E}.Debug|Any CPU.Build.0 = Debug|Any CPU
		{B51278C0-3AA5-4C7A-A9A4-D61E2476CC9E}.Release|Any CPU.ActiveCfg = Release|Any CPU
		{B51278C0-3AA5-4C7A-A9A4-D61E2476CC9E}.Release|Any CPU.Build.0 = Release|Any CPU
		{F317678F-984A-46C4-A552-D58705EA3163}.Debug|Any CPU.ActiveCfg = Debug|Any CPU
		{F317678F-984A-46C4-A552-D58705EA3163}.Debug|Any CPU.Build.0 = Debug|Any CPU
		{F317678F-984A-46C4-A552-D58705EA3163}.Release|Any CPU.ActiveCfg = Release|Any CPU
		{F317678F-984A-46C4-A552-D58705EA3163}.Release|Any CPU.Build.0 = Release|Any CPU
		{32895AEA-FC42-48FA-AEA9-9C479EDE09CE}.Debug|Any CPU.ActiveCfg = Debug|Any CPU
		{32895AEA-FC42-48FA-AEA9-9C479EDE09CE}.Debug|Any CPU.Build.0 = Debug|Any CPU
		{32895AEA-FC42-48FA-AEA9-9C479EDE09CE}.Release|Any CPU.ActiveCfg = Release|Any CPU
		{32895AEA-FC42-48FA-AEA9-9C479EDE09CE}.Release|Any CPU.Build.0 = Release|Any CPU
	EndGlobalSection
	GlobalSection(SolutionProperties) = preSolution
		HideSolutionNode = FALSE
	EndGlobalSection
	GlobalSection(NestedProjects) = preSolution
		{AE0589B8-A757-4FD1-B618-CA18EB16C8E6} = {4F5475A7-923E-45B6-9A86-2BB75C319C56}
		{B460BE00-CD0B-4CA2-A488-043446D74984} = {4F5475A7-923E-45B6-9A86-2BB75C319C56}
		{ABC91D37-0440-494A-87BB-3921864D734C} = {4F5475A7-923E-45B6-9A86-2BB75C319C56}
		{0FE0FE5E-21D2-4618-86D2-871C9D38416E} = {4F5475A7-923E-45B6-9A86-2BB75C319C56}
		{F40481B5-9C12-4DD6-9D22-6A7F07A2CDDB} = {4F5475A7-923E-45B6-9A86-2BB75C319C56}
		{F55264F9-E4F6-474C-BBF8-45D28656C7F0} = {B026413A-88F5-4745-98C1-E4BE6907D59A}
		{C7425DC3-3EAF-4D5C-AB95-89247E65104D} = {B026413A-88F5-4745-98C1-E4BE6907D59A}
		{D5FF0BC9-3A66-414D-9838-E22E05F33030} = {401A2F35-141B-4E32-B349-EC3D5810F0DB}
		{C7AD9C22-EA6F-43A6-9F08-9D057914CBEA} = {401A2F35-141B-4E32-B349-EC3D5810F0DB}
		{6FE49BEF-1ECD-4745-B037-5536E782C8C8} = {401A2F35-141B-4E32-B349-EC3D5810F0DB}
		{22228C30-03D0-4E75-BCD8-30F553F44906} = {401A2F35-141B-4E32-B349-EC3D5810F0DB}
		{293C0384-EBEE-45B1-8C55-F95B298F815D} = {F4D39717-69D2-4E33-B729-C09ED9020D66}
		{F8CFAC46-2460-4515-A2E2-F820F2FF2A1E} = {F4D39717-69D2-4E33-B729-C09ED9020D66}
		{E640C385-3DC1-4A85-AAB7-7AC6545153C2} = {F4D39717-69D2-4E33-B729-C09ED9020D66}
		{408235BC-C665-4675-BB47-2EFCF3E839E4} = {F4D39717-69D2-4E33-B729-C09ED9020D66}
		{A0971BA4-2B30-4B62-B8B6-2123B71F0D6C} = {F4D39717-69D2-4E33-B729-C09ED9020D66}
		{9FF2A194-0AED-4779-B5C3-DA70B75FB9DA} = {F4D39717-69D2-4E33-B729-C09ED9020D66}
		{365FD0BB-B14E-435B-9A62-E69A29C9C298} = {F4D39717-69D2-4E33-B729-C09ED9020D66}
		{FF830354-4AD0-4F00-8BBC-60CB9C1D5271} = {F4D39717-69D2-4E33-B729-C09ED9020D66}
		{BC813CC7-8E28-43D2-9E38-E4642C8BCA98} = {F4D39717-69D2-4E33-B729-C09ED9020D66}
		{AB2A2DFA-4C8A-4C25-9883-77F9AD09BD1A} = {2F5B29C8-2DB7-4595-B0B3-D8E7676D6E9C}
		{A41A7D34-66DE-456F-BC56-CE3A88594B70} = {2F5B29C8-2DB7-4595-B0B3-D8E7676D6E9C}
		{24541E69-2374-4E3E-8613-D526E12FA255} = {2F5B29C8-2DB7-4595-B0B3-D8E7676D6E9C}
		{1C967487-97D5-4BEB-AE3D-992AB2575AA3} = {2F5B29C8-2DB7-4595-B0B3-D8E7676D6E9C}
		{45465791-951E-4C31-B093-8A0EB32A7859} = {DE715D84-ECF9-4E5E-9CB1-94EF74A0E529}
		{D78FDF37-8F42-4907-8231-A31BF5DF9F52} = {DE715D84-ECF9-4E5E-9CB1-94EF74A0E529}
		{086DD234-47F0-46A6-9062-BD813D9B55AD} = {DE715D84-ECF9-4E5E-9CB1-94EF74A0E529}
		{F39ED334-E9AE-4ED8-BD8A-4D12F486A55A} = {DE715D84-ECF9-4E5E-9CB1-94EF74A0E529}
		{122CC398-5FCD-4B20-BD2F-71CE88D551EE} = {D6D7DD17-370D-4B3B-BC9F-260B4B8DF8E6}
		{CDB7F734-1C72-482E-AB3B-3E2BD64924C1} = {D6D7DD17-370D-4B3B-BC9F-260B4B8DF8E6}
		{1B7AC463-F5E2-460E-87E3-144CA616312C} = {D6D7DD17-370D-4B3B-BC9F-260B4B8DF8E6}
		{286A4C36-FD87-4B10-8956-089D94DD00FB} = {3339DDF9-87F9-4ABA-82A4-36DD880D92A9}
		{9F259E59-868B-4A4A-80A1-8A25430A8A0B} = {3339DDF9-87F9-4ABA-82A4-36DD880D92A9}
		{C0F4F762-CA02-4B6D-B4BF-9C046B5DD3E2} = {3339DDF9-87F9-4ABA-82A4-36DD880D92A9}
		{02689A3E-537B-4FEB-9965-4304301AF9E0} = {3339DDF9-87F9-4ABA-82A4-36DD880D92A9}
		{8547CB12-01B4-495E-A59C-3D924106C90C} = {3339DDF9-87F9-4ABA-82A4-36DD880D92A9}
		{B51278C0-3AA5-4C7A-A9A4-D61E2476CC9E} = {3339DDF9-87F9-4ABA-82A4-36DD880D92A9}
		{F317678F-984A-46C4-A552-D58705EA3163} = {3339DDF9-87F9-4ABA-82A4-36DD880D92A9}
		{32895AEA-FC42-48FA-AEA9-9C479EDE09CE} = {3339DDF9-87F9-4ABA-82A4-36DD880D92A9}
	EndGlobalSection
	GlobalSection(ExtensibilityGlobals) = postSolution
		SolutionGuid = {7C7FC40E-460E-4DB6-9DA5-7173A4A12B5E}
	EndGlobalSection
EndGlobal
