
Microsoft Visual Studio Solution File, Format Version 12.00
# Visual Studio Version 16
VisualStudioVersion = 16.0.29613.14
MinimumVisualStudioVersion = 10.0.40219.1
Project("{FAE04EC0-301F-11D3-BF4B-00C04F79EFBC}") = "01_intro", "01_intro\01_intro.csproj", "{AE0589B8-A757-4FD1-B618-CA18EB16C8E6}"
EndProject
Project("{FAE04EC0-301F-11D3-BF4B-00C04F79EFBC}") = "02_degiskenler", "02_degiskenler\02_degiskenler.csproj", "{B460BE00-CD0B-4CA2-A488-043446D74984}"
EndProject
Project("{FAE04EC0-301F-11D3-BF4B-00C04F79EFBC}") = "03_diziler", "03_diziler\03_diziler.csproj", "{ABC91D37-0440-494A-87BB-3921864D734C}"
EndProject
Project("{FAE04EC0-301F-11D3-BF4B-00C04F79EFBC}") = "04_tur_donusumleri", "04_tur_donusumleri\04_tur_donusumleri.csproj", "{0FE0FE5E-21D2-4618-86D2-871C9D38416E}"
EndProject
Project("{FAE04EC0-301F-11D3-BF4B-00C04F79EFBC}") = "05_operatorler", "05_operatorler\05_operatorler.csproj", "{F40481B5-9C12-4DD6-9D22-6A7F07A2CDDB}"
EndProject
Project("{FAE04EC0-301F-11D3-BF4B-00C04F79EFBC}") = "06_if_else_yapisi", "06_if_else_yapisi\06_if_else_yapisi.csproj", "{F55264F9-E4F6-474C-BBF8-45D28656C7F0}"
EndProject
Project("{FAE04EC0-301F-11D3-BF4B-00C04F79EFBC}") = "07_switch_case", "07_switch_case\07_switch_case.csproj", "{C7425DC3-3EAF-4D5C-AB95-89247E65104D}"
EndProject
Project("{FAE04EC0-301F-11D3-BF4B-00C04F79EFBC}") = "08_while_dongusu", "08_while_dongusu\08_while_dongusu.csproj", "{D5FF0BC9-3A66-414D-9838-E22E05F33030}"
EndProject
Project("{FAE04EC0-301F-11D3-BF4B-00C04F79EFBC}") = "09_for_dongusu", "09_for_dongusu\09_for_dongusu.csproj", "{C7AD9C22-EA6F-43A6-9F08-9D057914CBEA}"
EndProject
Project("{FAE04EC0-301F-11D3-BF4B-00C04F79EFBC}") = "10_foreach_dongusu", "10_foreach_dongusu\10_foreach_dongusu.csproj", "{6FE49BEF-1ECD-4745-B037-5536E782C8C8}"
EndProject
Project("{FAE04EC0-301F-11D3-BF4B-00C04F79EFBC}") = "11_do_while_dongusu", "11_do_while\11_do_while_dongusu.csproj", "{22228C30-03D0-4E75-BCD8-30F553F44906}"
EndProject
Project("{FAE04EC0-301F-11D3-BF4B-00C04F79EFBC}") = "12_sinif_tanimlama", "12_sinif_tanimlama\12_sinif_tanimlama.csproj", "{293C0384-EBEE-45B1-8C55-F95B298F815D}"
EndProject
Project("{FAE04EC0-301F-11D3-BF4B-00C04F79EFBC}") = "13_deger_dondurmeyen_metodlar", "13_deger_dondurmeyen_metodlar\13_deger_dondurmeyen_metodlar.csproj", "{F8CFAC46-2460-4515-A2E2-F820F2FF2A1E}"
EndProject
Project("{FAE04EC0-301F-11D3-BF4B-00C04F79EFBC}") = "14_deger_donduren_metodlar", "14_deger_donduren_metodlar\14_deger_donduren_metodlar.csproj", "{E640C385-3DC1-4A85-AAB7-7AC6545153C2}"
EndProject
Project("{FAE04EC0-301F-11D3-BF4B-00C04F79EFBC}") = "15_degisken_sayida_parametre_alan_metodlar", "15_degisken_sayida_parametre_alan_metodlar\15_degisken_sayida_parametre_alan_metodlar.csproj", "{408235BC-C665-4675-BB47-2EFCF3E839E4}"
EndProject
Project("{FAE04EC0-301F-11D3-BF4B-00C04F79EFBC}") = "16_yapici_metodlar", "16_yapici_metodlar\16_yapici_metodlar.csproj", "{A0971BA4-2B30-4B62-B8B6-2123B71F0D6C}"
EndProject
Project("{FAE04EC0-301F-11D3-BF4B-00C04F79EFBC}") = "17_property_kavramlari", "17_property_kavramlari\17_property_kavramlari.csproj", "{9FF2A194-0AED-4779-B5C3-DA70B75FB9DA}"
EndProject
Project("{FAE04EC0-301F-11D3-BF4B-00C04F79EFBC}") = "18_kalitim", "18_kalitim\18_kalitim.csproj", "{365FD0BB-B14E-435B-9A62-E69A29C9C298}"
EndProject
Project("{FAE04EC0-301F-11D3-BF4B-00C04F79EFBC}") = "19_namespace", "19_namespace\19_namespace.csproj", "{FF830354-4AD0-4F00-8BBC-60CB9C1D5271}"
EndProject
Project("{FAE04EC0-301F-11D3-BF4B-00C04F79EFBC}") = "20_enum", "20_enum\20_enum.csproj", "{BC813CC7-8E28-43D2-9E38-E4642C8BCA98}"
EndProject
Project("{FAE04EC0-301F-11D3-BF4B-00C04F79EFBC}") = "21_string", "21_string\21_string.csproj", "{AB2A2DFA-4C8A-4C25-9883-77F9AD09BD1A}"
EndProject
Project("{FAE04EC0-301F-11D3-BF4B-00C04F79EFBC}") = "22_datetime_sinifi", "22_datetime_sinifi\22_datetime_sinifi.csproj", "{A41A7D34-66DE-456F-BC56-CE3A88594B70}"
EndProject
Project("{FAE04EC0-301F-11D3-BF4B-00C04F79EFBC}") = "23_math", "23_math\23_math.csproj", "{24541E69-2374-4E3E-8613-D526E12FA255}"
EndProject
Project("{FAE04EC0-301F-11D3-BF4B-00C04F79EFBC}") = "24_char", "24_char\24_char.csproj", "{1C967487-97D5-4BEB-AE3D-992AB2575AA3}"
EndProject
Project("{FAE04EC0-301F-11D3-BF4B-00C04F79EFBC}") = "25_array_list", "25_array_list\25_array_list.csproj", "{45465791-951E-4C31-B093-8A0EB32A7859}"
EndProject
Project("{FAE04EC0-301F-11D3-BF4B-00C04F79EFBC}") = "26_hashtable", "26_hashtable\26_hashtable.csproj", "{D78FDF37-8F42-4907-8231-A31BF5DF9F52}"
EndProject
Project("{FAE04EC0-301F-11D3-BF4B-00C04F79EFBC}") = "27_queue", "27_queue\27_queue.csproj", "{086DD234-47F0-46A6-9062-BD813D9B55AD}"
EndProject
Project("{FAE04EC0-301F-11D3-BF4B-00C04F79EFBC}") = "28_stack", "28_stack\28_stack.csproj", "{F39ED334-E9AE-4ED8-BD8A-4D12F486A55A}"
EndProject
Project("{FAE04EC0-301F-11D3-BF4B-00C04F79EFBC}") = "29_list_kullanimi", "29_list_kullanimi\29_list_kullanimi.csproj", "{122CC398-5FCD-4B20-BD2F-71CE88D551EE}"
EndProject
Project("{2150E333-8FDC-42A3-9474-1A3956D46DE8}") = "01-intro", "01-intro", "{4F5475A7-923E-45B6-9A86-2BB75C319C56}"
EndProject
Project("{2150E333-8FDC-42A3-9474-1A3956D46DE8}") = "02_Sart_Ifadeleri", "02_Sart_Ifadeleri", "{B026413A-88F5-4745-98C1-E4BE6907D59A}"
EndProject
Project("{2150E333-8FDC-42A3-9474-1A3956D46DE8}") = "03_Donguler", "03_Donguler", "{401A2F35-141B-4E32-B349-EC3D5810F0DB}"
EndProject
Project("{2150E333-8FDC-42A3-9474-1A3956D46DE8}") = "04_Siniflar_Metodlar", "04_Siniflar_Metodlar", "{F4D39717-69D2-4E33-B729-C09ED9020D66}"
EndProject
Project("{2150E333-8FDC-42A3-9474-1A3956D46DE8}") = "05_Sik_Kullanilan_Siniflar", "05_Sik_Kullanilan_Siniflar", "{2F5B29C8-2DB7-4595-B0B3-D8E7676D6E9C}"
EndProject
Project("{2150E333-8FDC-42A3-9474-1A3956D46DE8}") = "06_Koleksiyon_Siniflar", "06_Koleksiyon_Siniflar", "{DE715D84-ECF9-4E5E-9CB1-94EF74A0E529}"
EndProject
Project("{2150E333-8FDC-42A3-9474-1A3956D46DE8}") = "07_Jenerik_Koleksiyonlar", "07_Jenerik_Koleksiyonlar", "{D6D7DD17-370D-4B3B-BC9F-260B4B8DF8E6}"
EndProject
Project("{FAE04EC0-301F-11D3-BF4B-00C04F79EFBC}") = "30_dictionary_kullanimi", "30_dictionary_kullanimi\30_dictionary_kullanimi.csproj", "{CDB7F734-1C72-482E-AB3B-3E2BD64924C1}"
EndProject
Project("{FAE04EC0-301F-11D3-BF4B-00C04F79EFBC}") = "31_queue_stack_kullanimi", "31_queue_stack_kullanimi\31_queue_stack_kullanimi.csproj", "{1B7AC463-F5E2-460E-87E3-144CA616312C}"
EndProject
Project("{2150E333-8FDC-42A3-9474-1A3956D46DE8}") = "08_Dosya_ve_Klasor_Islemleri", "08_Dosya_ve_Klasor_Islemleri", "{3339DDF9-87F9-4ABA-82A4-36DD880D92A9}"
EndProject
Project("{FAE04EC0-301F-11D3-BF4B-00C04F79EFBC}") = "32_file_sinifi_metodlari", "32_file_sinifi_metodlari\32_file_sinifi_metodlari.csproj", "{286A4C36-FD87-4B10-8956-089D94DD00FB}"
EndProject
Project("{FAE04EC0-301F-11D3-BF4B-00C04F79EFBC}") = "33_file_info_sinif_metodlari", "33_file_info_sinif_metodlari\33_file_info_sinif_metodlari.csproj", "{9F259E59-868B-4A4A-80A1-8A25430A8A0B}"
EndProject
Project("{FAE04EC0-301F-11D3-BF4B-00C04F79EFBC}") = "34_directory_sinifi_metodlari", "34_dicertory_sinifi_metodlari\34_directory_sinifi_metodlari.csproj", "{C0F4F762-CA02-4B6D-B4BF-9C046B5DD3E2}"
EndProject
Project("{FAE04EC0-301F-11D3-BF4B-00C04F79EFBC}") = "35_directory_info_sinifi_metodlari", "35_directory_info_sinifi_metodlari\35_directory_info_sinifi_metodlari.csproj", "{02689A3E-537B-4FEB-9965-4304301AF9E0}"
EndProject
Project("{FAE04EC0-301F-11D3-BF4B-00C04F79EFBC}") = "36_driver_info_sinifi", "36_driver_info_sinifi\36_driver_info_sinifi.csproj", "{8547CB12-01B4-495E-A59C-3D924106C90C}"
EndProject
Project("{FAE04EC0-301F-11D3-BF4B-00C04F79EFBC}") = "37_streamreader_sinifi", "37_streamreader_sinifi\37_streamreader_sinifi.csproj", "{B51278C0-3AA5-4C7A-A9A4-D61E2476CC9E}"
EndProject
Project("{FAE04EC0-301F-11D3-BF4B-00C04F79EFBC}") = "38_stream_writer_sinif", "38_stream_writer_sinif\38_stream_writer_sinif.csproj", "{F317678F-984A-46C4-A552-D58705EA3163}"
EndProject
Project("{FAE04EC0-301F-11D3-BF4B-00C04F79EFBC}") = "39_encoding_encoding_info_sinifi", "39_encoding_encoding_info_sinifi\39_encoding_encoding_info_sinifi.csproj", "{32895AEA-FC42-48FA-AEA9-9C479EDE09CE}"
EndProject
Project("{2150E333-8FDC-42A3-9474-1A3956D46DE8}") = "09_Dialog_Pencereleri", "09_Dialog_Pencereleri", "{8FFE20E3-41C2-4C42-BF9F-9525F80B5BB3}"
EndProject
Project("{FAE04EC0-301F-11D3-BF4B-00C04F79EFBC}") = "40_inputbox_penceresi", "40_inputbox_penceresi\40_inputbox_penceresi.csproj", "{27A661D6-F65D-4B0B-B818-EE7F5D35E0C2}"
EndProject
Project("{FAE04EC0-301F-11D3-BF4B-00C04F79EFBC}") = "41_messagebox_penceresi", "41_messagebox_penceresi\41_messagebox_penceresi.csproj", "{1E2CB4F8-7F48-4A86-9D14-892EF0CDFEBD}"
EndProject
Project("{FAE04EC0-301F-11D3-BF4B-00C04F79EFBC}") = "42_colordialog_olusturma", "42_colordialog_olusturma\42_colordialog_olusturma.csproj", "{1E35B78A-151A-4DE1-8C92-9C5FB7567AD5}"
EndProject
Project("{FAE04EC0-301F-11D3-BF4B-00C04F79EFBC}") = "43_folder_browser_dialog", "43_folder_browser_dialog\43_folder_browser_dialog.csproj", "{C754A87B-6B27-4C9A-A851-1155DA9F7336}"
EndProject
Project("{FAE04EC0-301F-11D3-BF4B-00C04F79EFBC}") = "44_font_dialog", "44_font_dialog\44_font_dialog.csproj", "{E03166E4-0106-4F84-BEC5-FD03F6D43C88}"
EndProject
Project("{FAE04EC0-301F-11D3-BF4B-00C04F79EFBC}") = "45_open_file_dialog", "45_open_file_dialog\45_open_file_dialog.csproj", "{3C4FA81D-3143-4B96-9469-1120079006FF}"
EndProject
Project("{FAE04EC0-301F-11D3-BF4B-00C04F79EFBC}") = "46_save_file_dialog", "46_save_file_dialog\46_save_file_dialog.csproj", "{9BA9C9E0-8F1B-498A-9F47-E6538F0347EE}"
EndProject
Project("{2150E333-8FDC-42A3-9474-1A3956D46DE8}") = "10_Hata_Yakalamak", "10_Hata_Yakalamak", "{871BB4AC-88AC-455B-90B5-36B063B053DB}"
EndProject
Project("{FAE04EC0-301F-11D3-BF4B-00C04F79EFBC}") = "47_try_catch_finally", "47_try_catch_finally\47_try_catch_finally.csproj", "{56C32912-B1BC-4493-BF06-83B5DE174A2F}"
EndProject
Project("{FAE04EC0-301F-11D3-BF4B-00C04F79EFBC}") = "48_throw_kullanimi", "48_throw_kullanimi\48_throw_kullanimi.csproj", "{B8D98BE4-E475-4BAF-B9C6-FF4C0B83ADD5}"
EndProject
Project("{2150E333-8FDC-42A3-9474-1A3956D46DE8}") = "11_Formlar_Ozellikleri", "11_Formlar_Ozellikleri", "{444B41BF-A3C9-47DE-8A85-4B046C71389B}"
EndProject
Project("{FAE04EC0-301F-11D3-BF4B-00C04F79EFBC}") = "49_Formlar", "49_Formlar\49_Formlar.csproj", "{2ABC9211-96DC-471B-A31B-247226619024}"
EndProject
Project("{FAE04EC0-301F-11D3-BF4B-00C04F79EFBC}") = "50_mdi_formlar", "50_mdi_formlar\50_mdi_formlar.csproj", "{FA7070D2-89F1-4B6A-9C14-30786BC67645}"
EndProject
Project("{2150E333-8FDC-42A3-9474-1A3956D46DE8}") = "12_Form_Eventleri", "12_Form_Eventleri", "{AA616256-7636-4C1B-8A2D-7BB6FF9AA268}"
EndProject
Project("{FAE04EC0-301F-11D3-BF4B-00C04F79EFBC}") = "51_acilis_form_eventleri", "51_acilis_form_eventleri\51_acilis_form_eventleri.csproj", "{D1CCCE0E-B45C-4B52-9465-5886BD9745E6}"
EndProject
Project("{FAE04EC0-301F-11D3-BF4B-00C04F79EFBC}") = "52_kapanis_form_eventleri", "52_kapanis_form_eventleri\52_kapanis_form_eventleri.csproj", "{1B9E57E1-2F82-464D-9177-B5929E7E5B43}"
EndProject
Project("{FAE04EC0-301F-11D3-BF4B-00C04F79EFBC}") = "53_klavye_eventleri", "53_klavye_eventleri\53_klavye_eventleri.csproj", "{3E12A4CB-339F-4F6D-8604-0D34AE164703}"
EndProject
Project("{2150E333-8FDC-42A3-9474-1A3956D46DE8}") = "13_Form_Nesneleri", "13_Form_Nesneleri", "{6E4C4A13-70DC-41F0-817C-FBCFA8086807}"
EndProject
Project("{FAE04EC0-301F-11D3-BF4B-00C04F79EFBC}") = "54_button_kontrol", "54_button_kontrol\54_button_kontrol.csproj", "{F304CD25-CD30-4706-8BC4-AFAFD31F7FEA}"
EndProject
Project("{FAE04EC0-301F-11D3-BF4B-00C04F79EFBC}") = "55_checkbox_kontrol", "55_checkbox_kontrol\55_checkbox_kontrol.csproj", "{06CA98F4-C26F-412B-A66C-D9E2A449D059}"
EndProject
Project("{FAE04EC0-301F-11D3-BF4B-00C04F79EFBC}") = "56_checkedlistbox_kontrolu", "56_checkedlistbox_kontrolu\56_checkedlistbox_kontrolu.csproj", "{93CFB097-D6CA-43FE-99F1-7D7877583460}"
EndProject
Project("{FAE04EC0-301F-11D3-BF4B-00C04F79EFBC}") = "57_combobox_kontrolu", "57_combobox_kontrolu\57_combobox_kontrolu.csproj", "{EBEB21E4-9943-499E-8303-62AF2B52B645}"
EndProject
Project("{FAE04EC0-301F-11D3-BF4B-00C04F79EFBC}") = "58_datetimepicker_kontrolu", "58_datetimepicker_kontrolu\58_datetimepicker_kontrolu.csproj", "{05B6B073-6F91-4C45-A65B-0B9508C31AC2}"
EndProject
Project("{FAE04EC0-301F-11D3-BF4B-00C04F79EFBC}") = "59_linklabel_kontrolu", "59_linklabel_kontrolu\59_linklabel_kontrolu.csproj", "{CEC89708-5CEB-4CB6-A822-E41A8C29A0E3}"
EndProject
Project("{FAE04EC0-301F-11D3-BF4B-00C04F79EFBC}") = "60_listbox_kontrolu", "60_listbox_kontrolu\60_listbox_kontrolu.csproj", "{F09DB146-8337-4173-B07F-66C354C03D52}"
EndProject
Project("{FAE04EC0-301F-11D3-BF4B-00C04F79EFBC}") = "61_imagelist_kontrolu", "61_imagelist_kontrolu\61_imagelist_kontrolu.csproj", "{7D217D27-D905-4A82-8C2E-0959C8FBF9B7}"
EndProject
Project("{FAE04EC0-301F-11D3-BF4B-00C04F79EFBC}") = "62_listview_kontrolu", "62_listview_kontrolu\62_listview_kontrolu.csproj", "{460A127A-3D5E-425A-B34F-FD069F4AF9EC}"
EndProject
Project("{FAE04EC0-301F-11D3-BF4B-00C04F79EFBC}") = "63_maskedtextbox_kontrolu", "63_maskedtextbox_kontrolu\63_maskedtextbox_kontrolu.csproj", "{1F11EA79-3BEA-43DE-8938-6E96BB1FD668}"
EndProject
Project("{FAE04EC0-301F-11D3-BF4B-00C04F79EFBC}") = "64_monthcalendar_kontrolu", "64_monthcalendar_kontrolu\64_monthcalendar_kontrolu.csproj", "{ADB3E4F1-AB50-4FE5-8CF6-F0618FBC3455}"
EndProject
Project("{FAE04EC0-301F-11D3-BF4B-00C04F79EFBC}") = "65_notifyicon_kontrolu", "65_notifyicon_kontrolu\65_notifyicon_kontrolu.csproj", "{EA019526-C4CA-412B-B9BF-05226497FEE0}"
EndProject
Project("{FAE04EC0-301F-11D3-BF4B-00C04F79EFBC}") = "66_numericupdown_kontrolu", "66_numericupdown_kontrolu\66_numericupdown_kontrolu.csproj", "{6D4D11C5-7DF9-4380-A95B-51B74965266A}"
EndProject
Project("{FAE04EC0-301F-11D3-BF4B-00C04F79EFBC}") = "67_picturebox_kontrolu", "67_picturebox_kontrolu\67_picturebox_kontrolu.csproj", "{1E33FF49-A858-425C-A93C-45ACBE6D54A1}"
EndProject
Project("{FAE04EC0-301F-11D3-BF4B-00C04F79EFBC}") = "68_progressbar_kontrolu", "68_progressbar_kontrolu\68_progressbar_kontrolu.csproj", "{52521B8A-9F5C-4CC6-9852-0851A138908E}"
EndProject
Project("{FAE04EC0-301F-11D3-BF4B-00C04F79EFBC}") = "69_radiobutton_kontrolu", "69_radiobutton_kontrolu\69_radiobutton_kontrolu.csproj", "{AC04D3EF-6917-4739-B842-C433BA8D9474}"
EndProject
Project("{FAE04EC0-301F-11D3-BF4B-00C04F79EFBC}") = "70_richtextbox_kontrolu", "70_richtextbox_kontrolu\70_richtextbox_kontrolu.csproj", "{0C890565-A2AA-4B9B-8959-050EA0D1E17B}"
EndProject
Project("{FAE04EC0-301F-11D3-BF4B-00C04F79EFBC}") = "71_textbox_kontrolu", "71_textbox_kontrolu\71_textbox_kontrolu.csproj", "{1A7AF77C-D5A0-4E1A-8E43-E0F62DDB4F97}"
EndProject
Project("{FAE04EC0-301F-11D3-BF4B-00C04F79EFBC}") = "72_tooltip_kontrolu", "72_tooltip_kontrolu\72_tooltip_kontrolu.csproj", "{4B234A35-71EB-4434-AD24-4D812DEA12FD}"
EndProject
Project("{FAE04EC0-301F-11D3-BF4B-00C04F79EFBC}") = "73_treeview_kontrolu", "73_treeview_kontrolu\73_treeview_kontrolu.csproj", "{4B88F48D-7274-4008-99F5-6EBCD55EDB03}"
EndProject
Project("{FAE04EC0-301F-11D3-BF4B-00C04F79EFBC}") = "74_webbrowser_kontrolu", "74_webbrowser_kontrolu\74_webbrowser_kontrolu.csproj", "{0B054BEA-F400-41DF-A092-DE8574D35030}"
EndProject
Project("{2150E333-8FDC-42A3-9474-1A3956D46DE8}") = "14_Diger_Bazi_Nesneler", "14_Diger_Bazi_Nesneler", "{62775FCC-5418-445E-95F2-828B7E430D63}"
EndProject
Project("{FAE04EC0-301F-11D3-BF4B-00C04F79EFBC}") = "75_tabcontrol_nesnesi", "01_tabcontrol_nesnesi\75_tabcontrol_nesnesi.csproj", "{F2382E78-4C4D-4FE7-AB06-5DF977AD7515}"
EndProject
Project("{FAE04EC0-301F-11D3-BF4B-00C04F79EFBC}") = "76_errorprovider_nesnesi", "76_errorprovider_nesnesi\76_errorprovider_nesnesi.csproj", "{7CDEA312-F3C8-4BE4-B88B-729012341734}"
EndProject
Project("{FAE04EC0-301F-11D3-BF4B-00C04F79EFBC}") = "77_process_nesnesi", "77_process_nesnesi\77_process_nesnesi.csproj", "{0D3DC06D-8F99-49E9-8D32-8D28B46E063F}"
EndProject
Project("{FAE04EC0-301F-11D3-BF4B-00C04F79EFBC}") = "78_menustrip_nesnesi", "78_menustrip_nesnesi\78_menustrip_nesnesi.csproj", "{D1E305FB-C51F-49BB-9484-918970FA9C52}"
EndProject
Project("{FAE04EC0-301F-11D3-BF4B-00C04F79EFBC}") = "79_contextmenustrip_nesnesi", "79_contextmenustrip_nesnesi\79_contextmenustrip_nesnesi.csproj", "{948CE54D-7E0B-48E5-9547-013F85939BCE}"
EndProject
Project("{2150E333-8FDC-42A3-9474-1A3956D46DE8}") = "15_Resource_Dosyalari", "15_Resource_Dosyalari", "{B1B8762B-C429-4345-9BD6-A0D0E9ECACE7}"
EndProject
Project("{FAE04EC0-301F-11D3-BF4B-00C04F79EFBC}") = "80_resource_dosya_kullanimi", "80_resource_dosya_kullanimi\80_resource_dosya_kullanimi.csproj", "{3984CD09-C944-4D39-A0E5-6D4260D1E121}"
EndProject
Project("{2150E333-8FDC-42A3-9474-1A3956D46DE8}") = "16_Registry_Islemleri", "16_Registry_Islemleri", "{88CC9384-AC03-4AE5-977F-DC125902B931}"
EndProject
Project("{FAE04EC0-301F-11D3-BF4B-00C04F79EFBC}") = "81_registry_islemleri", "81_registry_islemleri\81_registry_islemleri.csproj", "{2610B078-C519-47E8-AFD3-94F950E4299A}"
EndProject
Project("{2150E333-8FDC-42A3-9474-1A3956D46DE8}") = "17_Ado.Net", "17_Ado.Net", "{0A3EA027-3D66-4155-A326-27DBAAEDCAD9}"
EndProject
Project("{FAE04EC0-301F-11D3-BF4B-00C04F79EFBC}") = "82_adonet_giris", "82_adonet_giris\82_adonet_giris.csproj", "{15A56939-E7B5-44AE-99E0-A85BB2CBA5A2}"
EndProject
Project("{FAE04EC0-301F-11D3-BF4B-00C04F79EFBC}") = "83_siniflarla_calismak", "83_siniflarla_calismak\83_siniflarla_calismak.csproj", "{27E0A6DD-0457-477C-99DF-2AD6C0D26E86}"
EndProject
Project("{FAE04EC0-301F-11D3-BF4B-00C04F79EFBC}") = "84_datagrid_ornegi", "84_datagrid_ornegi\84_datagrid_ornegi.csproj", "{99AD0601-22EB-4BA2-AAC8-706FF3A3B93A}"
EndProject
Project("{2150E333-8FDC-42A3-9474-1A3956D46DE8}") = "18_Linq", "18_Linq", "{B37840D9-57DF-43A6-9B04-6395D998ABFD}"
EndProject
Project("{FAE04EC0-301F-11D3-BF4B-00C04F79EFBC}") = "85_var_anahtar_sozculugu", "var_anahtar_sozculugu\85_var_anahtar_sozculugu.csproj", "{4F422607-1F58-418A-A0EA-B5D0B6436017}"
EndProject
Project("{FAE04EC0-301F-11D3-BF4B-00C04F79EFBC}") = "86_linq_ile_sorgulama", "86_linq_ile_sorgulama\86_linq_ile_sorgulama.csproj", "{42407537-4F00-4065-AD87-8C04F4B74AAB}"
EndProject
Project("{2150E333-8FDC-42A3-9474-1A3956D46DE8}") = "19_Thread_Kullanimi", "19_Thread_Kullanimi", "{4326C9CB-B4EE-407D-9477-4B6D73060DD1}"
EndProject
Project("{FAE04EC0-301F-11D3-BF4B-00C04F79EFBC}") = "87_thread_kullanimi", "87_thread_kullanimi\87_thread_kullanimi.csproj", "{B0EA6251-A0A8-4FE1-A777-D1F83B5C61F6}"
EndProject
Project("{2150E333-8FDC-42A3-9474-1A3956D46DE8}") = "20_Uygulamalar", "20_Uygulamalar", "{E6D21AE1-C6FE-418A-9CFE-0FF96A7B7E3E}"
EndProject
Project("{FAE04EC0-301F-11D3-BF4B-00C04F79EFBC}") = "KaynakKodCekme", "KaynakKodCekme\KaynakKodCekme.csproj", "{13A9CFE3-AC6E-4E3A-A370-84DF996BA040}"
EndProject
Project("{FAE04EC0-301F-11D3-BF4B-00C04F79EFBC}") = "ShellExecute", "ShellExecute\ShellExecute.csproj", "{778F3879-D6B0-4058-88E6-162687A222C0}"
EndProject
Project("{FAE04EC0-301F-11D3-BF4B-00C04F79EFBC}") = "BilgisayarinAcikKalmaSuresi", "BilgisayarinAcikKalmaSuresi\BilgisayarinAcikKalmaSuresi.csproj", "{D8033C19-89CD-4ACB-A8E7-1C3AEC89C84D}"
EndProject
Global
	GlobalSection(SolutionConfigurationPlatforms) = preSolution
		Debug|Any CPU = Debug|Any CPU
		Release|Any CPU = Release|Any CPU
	EndGlobalSection
	GlobalSection(ProjectConfigurationPlatforms) = postSolution
		{AE0589B8-A757-4FD1-B618-CA18EB16C8E6}.Debug|Any CPU.ActiveCfg = Debug|Any CPU
		{AE0589B8-A757-4FD1-B618-CA18EB16C8E6}.Debug|Any CPU.Build.0 = Debug|Any CPU
		{AE0589B8-A757-4FD1-B618-CA18EB16C8E6}.Release|Any CPU.ActiveCfg = Release|Any CPU
		{AE0589B8-A757-4FD1-B618-CA18EB16C8E6}.Release|Any CPU.Build.0 = Release|Any CPU
		{B460BE00-CD0B-4CA2-A488-043446D74984}.Debug|Any CPU.ActiveCfg = Debug|Any CPU
		{B460BE00-CD0B-4CA2-A488-043446D74984}.Debug|Any CPU.Build.0 = Debug|Any CPU
		{B460BE00-CD0B-4CA2-A488-043446D74984}.Release|Any CPU.ActiveCfg = Release|Any CPU
		{B460BE00-CD0B-4CA2-A488-043446D74984}.Release|Any CPU.Build.0 = Release|Any CPU
		{ABC91D37-0440-494A-87BB-3921864D734C}.Debug|Any CPU.ActiveCfg = Debug|Any CPU
		{ABC91D37-0440-494A-87BB-3921864D734C}.Debug|Any CPU.Build.0 = Debug|Any CPU
		{ABC91D37-0440-494A-87BB-3921864D734C}.Release|Any CPU.ActiveCfg = Release|Any CPU
		{ABC91D37-0440-494A-87BB-3921864D734C}.Release|Any CPU.Build.0 = Release|Any CPU
		{0FE0FE5E-21D2-4618-86D2-871C9D38416E}.Debug|Any CPU.ActiveCfg = Debug|Any CPU
		{0FE0FE5E-21D2-4618-86D2-871C9D38416E}.Debug|Any CPU.Build.0 = Debug|Any CPU
		{0FE0FE5E-21D2-4618-86D2-871C9D38416E}.Release|Any CPU.ActiveCfg = Release|Any CPU
		{0FE0FE5E-21D2-4618-86D2-871C9D38416E}.Release|Any CPU.Build.0 = Release|Any CPU
		{F40481B5-9C12-4DD6-9D22-6A7F07A2CDDB}.Debug|Any CPU.ActiveCfg = Debug|Any CPU
		{F40481B5-9C12-4DD6-9D22-6A7F07A2CDDB}.Debug|Any CPU.Build.0 = Debug|Any CPU
		{F40481B5-9C12-4DD6-9D22-6A7F07A2CDDB}.Release|Any CPU.ActiveCfg = Release|Any CPU
		{F40481B5-9C12-4DD6-9D22-6A7F07A2CDDB}.Release|Any CPU.Build.0 = Release|Any CPU
		{F55264F9-E4F6-474C-BBF8-45D28656C7F0}.Debug|Any CPU.ActiveCfg = Debug|Any CPU
		{F55264F9-E4F6-474C-BBF8-45D28656C7F0}.Debug|Any CPU.Build.0 = Debug|Any CPU
		{F55264F9-E4F6-474C-BBF8-45D28656C7F0}.Release|Any CPU.ActiveCfg = Release|Any CPU
		{F55264F9-E4F6-474C-BBF8-45D28656C7F0}.Release|Any CPU.Build.0 = Release|Any CPU
		{C7425DC3-3EAF-4D5C-AB95-89247E65104D}.Debug|Any CPU.ActiveCfg = Debug|Any CPU
		{C7425DC3-3EAF-4D5C-AB95-89247E65104D}.Debug|Any CPU.Build.0 = Debug|Any CPU
		{C7425DC3-3EAF-4D5C-AB95-89247E65104D}.Release|Any CPU.ActiveCfg = Release|Any CPU
		{C7425DC3-3EAF-4D5C-AB95-89247E65104D}.Release|Any CPU.Build.0 = Release|Any CPU
		{D5FF0BC9-3A66-414D-9838-E22E05F33030}.Debug|Any CPU.ActiveCfg = Debug|Any CPU
		{D5FF0BC9-3A66-414D-9838-E22E05F33030}.Debug|Any CPU.Build.0 = Debug|Any CPU
		{D5FF0BC9-3A66-414D-9838-E22E05F33030}.Release|Any CPU.ActiveCfg = Release|Any CPU
		{D5FF0BC9-3A66-414D-9838-E22E05F33030}.Release|Any CPU.Build.0 = Release|Any CPU
		{C7AD9C22-EA6F-43A6-9F08-9D057914CBEA}.Debug|Any CPU.ActiveCfg = Debug|Any CPU
		{C7AD9C22-EA6F-43A6-9F08-9D057914CBEA}.Debug|Any CPU.Build.0 = Debug|Any CPU
		{C7AD9C22-EA6F-43A6-9F08-9D057914CBEA}.Release|Any CPU.ActiveCfg = Release|Any CPU
		{C7AD9C22-EA6F-43A6-9F08-9D057914CBEA}.Release|Any CPU.Build.0 = Release|Any CPU
		{6FE49BEF-1ECD-4745-B037-5536E782C8C8}.Debug|Any CPU.ActiveCfg = Debug|Any CPU
		{6FE49BEF-1ECD-4745-B037-5536E782C8C8}.Debug|Any CPU.Build.0 = Debug|Any CPU
		{6FE49BEF-1ECD-4745-B037-5536E782C8C8}.Release|Any CPU.ActiveCfg = Release|Any CPU
		{6FE49BEF-1ECD-4745-B037-5536E782C8C8}.Release|Any CPU.Build.0 = Release|Any CPU
		{22228C30-03D0-4E75-BCD8-30F553F44906}.Debug|Any CPU.ActiveCfg = Debug|Any CPU
		{22228C30-03D0-4E75-BCD8-30F553F44906}.Debug|Any CPU.Build.0 = Debug|Any CPU
		{22228C30-03D0-4E75-BCD8-30F553F44906}.Release|Any CPU.ActiveCfg = Release|Any CPU
		{22228C30-03D0-4E75-BCD8-30F553F44906}.Release|Any CPU.Build.0 = Release|Any CPU
		{293C0384-EBEE-45B1-8C55-F95B298F815D}.Debug|Any CPU.ActiveCfg = Debug|Any CPU
		{293C0384-EBEE-45B1-8C55-F95B298F815D}.Debug|Any CPU.Build.0 = Debug|Any CPU
		{293C0384-EBEE-45B1-8C55-F95B298F815D}.Release|Any CPU.ActiveCfg = Release|Any CPU
		{293C0384-EBEE-45B1-8C55-F95B298F815D}.Release|Any CPU.Build.0 = Release|Any CPU
		{F8CFAC46-2460-4515-A2E2-F820F2FF2A1E}.Debug|Any CPU.ActiveCfg = Debug|Any CPU
		{F8CFAC46-2460-4515-A2E2-F820F2FF2A1E}.Debug|Any CPU.Build.0 = Debug|Any CPU
		{F8CFAC46-2460-4515-A2E2-F820F2FF2A1E}.Release|Any CPU.ActiveCfg = Release|Any CPU
		{F8CFAC46-2460-4515-A2E2-F820F2FF2A1E}.Release|Any CPU.Build.0 = Release|Any CPU
		{E640C385-3DC1-4A85-AAB7-7AC6545153C2}.Debug|Any CPU.ActiveCfg = Debug|Any CPU
		{E640C385-3DC1-4A85-AAB7-7AC6545153C2}.Debug|Any CPU.Build.0 = Debug|Any CPU
		{E640C385-3DC1-4A85-AAB7-7AC6545153C2}.Release|Any CPU.ActiveCfg = Release|Any CPU
		{E640C385-3DC1-4A85-AAB7-7AC6545153C2}.Release|Any CPU.Build.0 = Release|Any CPU
		{408235BC-C665-4675-BB47-2EFCF3E839E4}.Debug|Any CPU.ActiveCfg = Debug|Any CPU
		{408235BC-C665-4675-BB47-2EFCF3E839E4}.Debug|Any CPU.Build.0 = Debug|Any CPU
		{408235BC-C665-4675-BB47-2EFCF3E839E4}.Release|Any CPU.ActiveCfg = Release|Any CPU
		{408235BC-C665-4675-BB47-2EFCF3E839E4}.Release|Any CPU.Build.0 = Release|Any CPU
		{A0971BA4-2B30-4B62-B8B6-2123B71F0D6C}.Debug|Any CPU.ActiveCfg = Debug|Any CPU
		{A0971BA4-2B30-4B62-B8B6-2123B71F0D6C}.Debug|Any CPU.Build.0 = Debug|Any CPU
		{A0971BA4-2B30-4B62-B8B6-2123B71F0D6C}.Release|Any CPU.ActiveCfg = Release|Any CPU
		{A0971BA4-2B30-4B62-B8B6-2123B71F0D6C}.Release|Any CPU.Build.0 = Release|Any CPU
		{9FF2A194-0AED-4779-B5C3-DA70B75FB9DA}.Debug|Any CPU.ActiveCfg = Debug|Any CPU
		{9FF2A194-0AED-4779-B5C3-DA70B75FB9DA}.Debug|Any CPU.Build.0 = Debug|Any CPU
		{9FF2A194-0AED-4779-B5C3-DA70B75FB9DA}.Release|Any CPU.ActiveCfg = Release|Any CPU
		{9FF2A194-0AED-4779-B5C3-DA70B75FB9DA}.Release|Any CPU.Build.0 = Release|Any CPU
		{365FD0BB-B14E-435B-9A62-E69A29C9C298}.Debug|Any CPU.ActiveCfg = Debug|Any CPU
		{365FD0BB-B14E-435B-9A62-E69A29C9C298}.Debug|Any CPU.Build.0 = Debug|Any CPU
		{365FD0BB-B14E-435B-9A62-E69A29C9C298}.Release|Any CPU.ActiveCfg = Release|Any CPU
		{365FD0BB-B14E-435B-9A62-E69A29C9C298}.Release|Any CPU.Build.0 = Release|Any CPU
		{FF830354-4AD0-4F00-8BBC-60CB9C1D5271}.Debug|Any CPU.ActiveCfg = Debug|Any CPU
		{FF830354-4AD0-4F00-8BBC-60CB9C1D5271}.Debug|Any CPU.Build.0 = Debug|Any CPU
		{FF830354-4AD0-4F00-8BBC-60CB9C1D5271}.Release|Any CPU.ActiveCfg = Release|Any CPU
		{FF830354-4AD0-4F00-8BBC-60CB9C1D5271}.Release|Any CPU.Build.0 = Release|Any CPU
		{BC813CC7-8E28-43D2-9E38-E4642C8BCA98}.Debug|Any CPU.ActiveCfg = Debug|Any CPU
		{BC813CC7-8E28-43D2-9E38-E4642C8BCA98}.Debug|Any CPU.Build.0 = Debug|Any CPU
		{BC813CC7-8E28-43D2-9E38-E4642C8BCA98}.Release|Any CPU.ActiveCfg = Release|Any CPU
		{BC813CC7-8E28-43D2-9E38-E4642C8BCA98}.Release|Any CPU.Build.0 = Release|Any CPU
		{AB2A2DFA-4C8A-4C25-9883-77F9AD09BD1A}.Debug|Any CPU.ActiveCfg = Debug|Any CPU
		{AB2A2DFA-4C8A-4C25-9883-77F9AD09BD1A}.Debug|Any CPU.Build.0 = Debug|Any CPU
		{AB2A2DFA-4C8A-4C25-9883-77F9AD09BD1A}.Release|Any CPU.ActiveCfg = Release|Any CPU
		{AB2A2DFA-4C8A-4C25-9883-77F9AD09BD1A}.Release|Any CPU.Build.0 = Release|Any CPU
		{A41A7D34-66DE-456F-BC56-CE3A88594B70}.Debug|Any CPU.ActiveCfg = Debug|Any CPU
		{A41A7D34-66DE-456F-BC56-CE3A88594B70}.Debug|Any CPU.Build.0 = Debug|Any CPU
		{A41A7D34-66DE-456F-BC56-CE3A88594B70}.Release|Any CPU.ActiveCfg = Release|Any CPU
		{A41A7D34-66DE-456F-BC56-CE3A88594B70}.Release|Any CPU.Build.0 = Release|Any CPU
		{24541E69-2374-4E3E-8613-D526E12FA255}.Debug|Any CPU.ActiveCfg = Debug|Any CPU
		{24541E69-2374-4E3E-8613-D526E12FA255}.Debug|Any CPU.Build.0 = Debug|Any CPU
		{24541E69-2374-4E3E-8613-D526E12FA255}.Release|Any CPU.ActiveCfg = Release|Any CPU
		{24541E69-2374-4E3E-8613-D526E12FA255}.Release|Any CPU.Build.0 = Release|Any CPU
		{1C967487-97D5-4BEB-AE3D-992AB2575AA3}.Debug|Any CPU.ActiveCfg = Debug|Any CPU
		{1C967487-97D5-4BEB-AE3D-992AB2575AA3}.Debug|Any CPU.Build.0 = Debug|Any CPU
		{1C967487-97D5-4BEB-AE3D-992AB2575AA3}.Release|Any CPU.ActiveCfg = Release|Any CPU
		{1C967487-97D5-4BEB-AE3D-992AB2575AA3}.Release|Any CPU.Build.0 = Release|Any CPU
		{45465791-951E-4C31-B093-8A0EB32A7859}.Debug|Any CPU.ActiveCfg = Debug|Any CPU
		{45465791-951E-4C31-B093-8A0EB32A7859}.Debug|Any CPU.Build.0 = Debug|Any CPU
		{45465791-951E-4C31-B093-8A0EB32A7859}.Release|Any CPU.ActiveCfg = Release|Any CPU
		{45465791-951E-4C31-B093-8A0EB32A7859}.Release|Any CPU.Build.0 = Release|Any CPU
		{D78FDF37-8F42-4907-8231-A31BF5DF9F52}.Debug|Any CPU.ActiveCfg = Debug|Any CPU
		{D78FDF37-8F42-4907-8231-A31BF5DF9F52}.Debug|Any CPU.Build.0 = Debug|Any CPU
		{D78FDF37-8F42-4907-8231-A31BF5DF9F52}.Release|Any CPU.ActiveCfg = Release|Any CPU
		{D78FDF37-8F42-4907-8231-A31BF5DF9F52}.Release|Any CPU.Build.0 = Release|Any CPU
		{086DD234-47F0-46A6-9062-BD813D9B55AD}.Debug|Any CPU.ActiveCfg = Debug|Any CPU
		{086DD234-47F0-46A6-9062-BD813D9B55AD}.Debug|Any CPU.Build.0 = Debug|Any CPU
		{086DD234-47F0-46A6-9062-BD813D9B55AD}.Release|Any CPU.ActiveCfg = Release|Any CPU
		{086DD234-47F0-46A6-9062-BD813D9B55AD}.Release|Any CPU.Build.0 = Release|Any CPU
		{F39ED334-E9AE-4ED8-BD8A-4D12F486A55A}.Debug|Any CPU.ActiveCfg = Debug|Any CPU
		{F39ED334-E9AE-4ED8-BD8A-4D12F486A55A}.Debug|Any CPU.Build.0 = Debug|Any CPU
		{F39ED334-E9AE-4ED8-BD8A-4D12F486A55A}.Release|Any CPU.ActiveCfg = Release|Any CPU
		{F39ED334-E9AE-4ED8-BD8A-4D12F486A55A}.Release|Any CPU.Build.0 = Release|Any CPU
		{122CC398-5FCD-4B20-BD2F-71CE88D551EE}.Debug|Any CPU.ActiveCfg = Debug|Any CPU
		{122CC398-5FCD-4B20-BD2F-71CE88D551EE}.Debug|Any CPU.Build.0 = Debug|Any CPU
		{122CC398-5FCD-4B20-BD2F-71CE88D551EE}.Release|Any CPU.ActiveCfg = Release|Any CPU
		{122CC398-5FCD-4B20-BD2F-71CE88D551EE}.Release|Any CPU.Build.0 = Release|Any CPU
		{CDB7F734-1C72-482E-AB3B-3E2BD64924C1}.Debug|Any CPU.ActiveCfg = Debug|Any CPU
		{CDB7F734-1C72-482E-AB3B-3E2BD64924C1}.Debug|Any CPU.Build.0 = Debug|Any CPU
		{CDB7F734-1C72-482E-AB3B-3E2BD64924C1}.Release|Any CPU.ActiveCfg = Release|Any CPU
		{CDB7F734-1C72-482E-AB3B-3E2BD64924C1}.Release|Any CPU.Build.0 = Release|Any CPU
		{1B7AC463-F5E2-460E-87E3-144CA616312C}.Debug|Any CPU.ActiveCfg = Debug|Any CPU
		{1B7AC463-F5E2-460E-87E3-144CA616312C}.Debug|Any CPU.Build.0 = Debug|Any CPU
		{1B7AC463-F5E2-460E-87E3-144CA616312C}.Release|Any CPU.ActiveCfg = Release|Any CPU
		{1B7AC463-F5E2-460E-87E3-144CA616312C}.Release|Any CPU.Build.0 = Release|Any CPU
		{286A4C36-FD87-4B10-8956-089D94DD00FB}.Debug|Any CPU.ActiveCfg = Debug|Any CPU
		{286A4C36-FD87-4B10-8956-089D94DD00FB}.Debug|Any CPU.Build.0 = Debug|Any CPU
		{286A4C36-FD87-4B10-8956-089D94DD00FB}.Release|Any CPU.ActiveCfg = Release|Any CPU
		{286A4C36-FD87-4B10-8956-089D94DD00FB}.Release|Any CPU.Build.0 = Release|Any CPU
		{9F259E59-868B-4A4A-80A1-8A25430A8A0B}.Debug|Any CPU.ActiveCfg = Debug|Any CPU
		{9F259E59-868B-4A4A-80A1-8A25430A8A0B}.Debug|Any CPU.Build.0 = Debug|Any CPU
		{9F259E59-868B-4A4A-80A1-8A25430A8A0B}.Release|Any CPU.ActiveCfg = Release|Any CPU
		{9F259E59-868B-4A4A-80A1-8A25430A8A0B}.Release|Any CPU.Build.0 = Release|Any CPU
		{C0F4F762-CA02-4B6D-B4BF-9C046B5DD3E2}.Debug|Any CPU.ActiveCfg = Debug|Any CPU
		{C0F4F762-CA02-4B6D-B4BF-9C046B5DD3E2}.Debug|Any CPU.Build.0 = Debug|Any CPU
		{C0F4F762-CA02-4B6D-B4BF-9C046B5DD3E2}.Release|Any CPU.ActiveCfg = Release|Any CPU
		{C0F4F762-CA02-4B6D-B4BF-9C046B5DD3E2}.Release|Any CPU.Build.0 = Release|Any CPU
		{02689A3E-537B-4FEB-9965-4304301AF9E0}.Debug|Any CPU.ActiveCfg = Debug|Any CPU
		{02689A3E-537B-4FEB-9965-4304301AF9E0}.Debug|Any CPU.Build.0 = Debug|Any CPU
		{02689A3E-537B-4FEB-9965-4304301AF9E0}.Release|Any CPU.ActiveCfg = Release|Any CPU
		{02689A3E-537B-4FEB-9965-4304301AF9E0}.Release|Any CPU.Build.0 = Release|Any CPU
		{8547CB12-01B4-495E-A59C-3D924106C90C}.Debug|Any CPU.ActiveCfg = Debug|Any CPU
		{8547CB12-01B4-495E-A59C-3D924106C90C}.Debug|Any CPU.Build.0 = Debug|Any CPU
		{8547CB12-01B4-495E-A59C-3D924106C90C}.Release|Any CPU.ActiveCfg = Release|Any CPU
		{8547CB12-01B4-495E-A59C-3D924106C90C}.Release|Any CPU.Build.0 = Release|Any CPU
		{B51278C0-3AA5-4C7A-A9A4-D61E2476CC9E}.Debug|Any CPU.ActiveCfg = Debug|Any CPU
		{B51278C0-3AA5-4C7A-A9A4-D61E2476CC9E}.Debug|Any CPU.Build.0 = Debug|Any CPU
		{B51278C0-3AA5-4C7A-A9A4-D61E2476CC9E}.Release|Any CPU.ActiveCfg = Release|Any CPU
		{B51278C0-3AA5-4C7A-A9A4-D61E2476CC9E}.Release|Any CPU.Build.0 = Release|Any CPU
		{F317678F-984A-46C4-A552-D58705EA3163}.Debug|Any CPU.ActiveCfg = Debug|Any CPU
		{F317678F-984A-46C4-A552-D58705EA3163}.Debug|Any CPU.Build.0 = Debug|Any CPU
		{F317678F-984A-46C4-A552-D58705EA3163}.Release|Any CPU.ActiveCfg = Release|Any CPU
		{F317678F-984A-46C4-A552-D58705EA3163}.Release|Any CPU.Build.0 = Release|Any CPU
		{32895AEA-FC42-48FA-AEA9-9C479EDE09CE}.Debug|Any CPU.ActiveCfg = Debug|Any CPU
		{32895AEA-FC42-48FA-AEA9-9C479EDE09CE}.Debug|Any CPU.Build.0 = Debug|Any CPU
		{32895AEA-FC42-48FA-AEA9-9C479EDE09CE}.Release|Any CPU.ActiveCfg = Release|Any CPU
		{32895AEA-FC42-48FA-AEA9-9C479EDE09CE}.Release|Any CPU.Build.0 = Release|Any CPU
		{27A661D6-F65D-4B0B-B818-EE7F5D35E0C2}.Debug|Any CPU.ActiveCfg = Debug|Any CPU
		{27A661D6-F65D-4B0B-B818-EE7F5D35E0C2}.Debug|Any CPU.Build.0 = Debug|Any CPU
		{27A661D6-F65D-4B0B-B818-EE7F5D35E0C2}.Release|Any CPU.ActiveCfg = Release|Any CPU
		{27A661D6-F65D-4B0B-B818-EE7F5D35E0C2}.Release|Any CPU.Build.0 = Release|Any CPU
		{1E2CB4F8-7F48-4A86-9D14-892EF0CDFEBD}.Debug|Any CPU.ActiveCfg = Debug|Any CPU
		{1E2CB4F8-7F48-4A86-9D14-892EF0CDFEBD}.Debug|Any CPU.Build.0 = Debug|Any CPU
		{1E2CB4F8-7F48-4A86-9D14-892EF0CDFEBD}.Release|Any CPU.ActiveCfg = Release|Any CPU
		{1E2CB4F8-7F48-4A86-9D14-892EF0CDFEBD}.Release|Any CPU.Build.0 = Release|Any CPU
		{1E35B78A-151A-4DE1-8C92-9C5FB7567AD5}.Debug|Any CPU.ActiveCfg = Debug|Any CPU
		{1E35B78A-151A-4DE1-8C92-9C5FB7567AD5}.Debug|Any CPU.Build.0 = Debug|Any CPU
		{1E35B78A-151A-4DE1-8C92-9C5FB7567AD5}.Release|Any CPU.ActiveCfg = Release|Any CPU
		{1E35B78A-151A-4DE1-8C92-9C5FB7567AD5}.Release|Any CPU.Build.0 = Release|Any CPU
		{C754A87B-6B27-4C9A-A851-1155DA9F7336}.Debug|Any CPU.ActiveCfg = Debug|Any CPU
		{C754A87B-6B27-4C9A-A851-1155DA9F7336}.Debug|Any CPU.Build.0 = Debug|Any CPU
		{C754A87B-6B27-4C9A-A851-1155DA9F7336}.Release|Any CPU.ActiveCfg = Release|Any CPU
		{C754A87B-6B27-4C9A-A851-1155DA9F7336}.Release|Any CPU.Build.0 = Release|Any CPU
		{E03166E4-0106-4F84-BEC5-FD03F6D43C88}.Debug|Any CPU.ActiveCfg = Debug|Any CPU
		{E03166E4-0106-4F84-BEC5-FD03F6D43C88}.Debug|Any CPU.Build.0 = Debug|Any CPU
		{E03166E4-0106-4F84-BEC5-FD03F6D43C88}.Release|Any CPU.ActiveCfg = Release|Any CPU
		{E03166E4-0106-4F84-BEC5-FD03F6D43C88}.Release|Any CPU.Build.0 = Release|Any CPU
		{3C4FA81D-3143-4B96-9469-1120079006FF}.Debug|Any CPU.ActiveCfg = Debug|Any CPU
		{3C4FA81D-3143-4B96-9469-1120079006FF}.Debug|Any CPU.Build.0 = Debug|Any CPU
		{3C4FA81D-3143-4B96-9469-1120079006FF}.Release|Any CPU.ActiveCfg = Release|Any CPU
		{3C4FA81D-3143-4B96-9469-1120079006FF}.Release|Any CPU.Build.0 = Release|Any CPU
		{9BA9C9E0-8F1B-498A-9F47-E6538F0347EE}.Debug|Any CPU.ActiveCfg = Debug|Any CPU
		{9BA9C9E0-8F1B-498A-9F47-E6538F0347EE}.Debug|Any CPU.Build.0 = Debug|Any CPU
		{9BA9C9E0-8F1B-498A-9F47-E6538F0347EE}.Release|Any CPU.ActiveCfg = Release|Any CPU
		{9BA9C9E0-8F1B-498A-9F47-E6538F0347EE}.Release|Any CPU.Build.0 = Release|Any CPU
		{56C32912-B1BC-4493-BF06-83B5DE174A2F}.Debug|Any CPU.ActiveCfg = Debug|Any CPU
		{56C32912-B1BC-4493-BF06-83B5DE174A2F}.Debug|Any CPU.Build.0 = Debug|Any CPU
		{56C32912-B1BC-4493-BF06-83B5DE174A2F}.Release|Any CPU.ActiveCfg = Release|Any CPU
		{56C32912-B1BC-4493-BF06-83B5DE174A2F}.Release|Any CPU.Build.0 = Release|Any CPU
		{B8D98BE4-E475-4BAF-B9C6-FF4C0B83ADD5}.Debug|Any CPU.ActiveCfg = Debug|Any CPU
		{B8D98BE4-E475-4BAF-B9C6-FF4C0B83ADD5}.Debug|Any CPU.Build.0 = Debug|Any CPU
		{B8D98BE4-E475-4BAF-B9C6-FF4C0B83ADD5}.Release|Any CPU.ActiveCfg = Release|Any CPU
		{B8D98BE4-E475-4BAF-B9C6-FF4C0B83ADD5}.Release|Any CPU.Build.0 = Release|Any CPU
		{2ABC9211-96DC-471B-A31B-247226619024}.Debug|Any CPU.ActiveCfg = Debug|Any CPU
		{2ABC9211-96DC-471B-A31B-247226619024}.Debug|Any CPU.Build.0 = Debug|Any CPU
		{2ABC9211-96DC-471B-A31B-247226619024}.Release|Any CPU.ActiveCfg = Release|Any CPU
		{2ABC9211-96DC-471B-A31B-247226619024}.Release|Any CPU.Build.0 = Release|Any CPU
		{FA7070D2-89F1-4B6A-9C14-30786BC67645}.Debug|Any CPU.ActiveCfg = Debug|Any CPU
		{FA7070D2-89F1-4B6A-9C14-30786BC67645}.Debug|Any CPU.Build.0 = Debug|Any CPU
		{FA7070D2-89F1-4B6A-9C14-30786BC67645}.Release|Any CPU.ActiveCfg = Release|Any CPU
		{FA7070D2-89F1-4B6A-9C14-30786BC67645}.Release|Any CPU.Build.0 = Release|Any CPU
		{D1CCCE0E-B45C-4B52-9465-5886BD9745E6}.Debug|Any CPU.ActiveCfg = Debug|Any CPU
		{D1CCCE0E-B45C-4B52-9465-5886BD9745E6}.Debug|Any CPU.Build.0 = Debug|Any CPU
		{D1CCCE0E-B45C-4B52-9465-5886BD9745E6}.Release|Any CPU.ActiveCfg = Release|Any CPU
		{D1CCCE0E-B45C-4B52-9465-5886BD9745E6}.Release|Any CPU.Build.0 = Release|Any CPU
		{1B9E57E1-2F82-464D-9177-B5929E7E5B43}.Debug|Any CPU.ActiveCfg = Debug|Any CPU
		{1B9E57E1-2F82-464D-9177-B5929E7E5B43}.Debug|Any CPU.Build.0 = Debug|Any CPU
		{1B9E57E1-2F82-464D-9177-B5929E7E5B43}.Release|Any CPU.ActiveCfg = Release|Any CPU
		{1B9E57E1-2F82-464D-9177-B5929E7E5B43}.Release|Any CPU.Build.0 = Release|Any CPU
		{3E12A4CB-339F-4F6D-8604-0D34AE164703}.Debug|Any CPU.ActiveCfg = Debug|Any CPU
		{3E12A4CB-339F-4F6D-8604-0D34AE164703}.Debug|Any CPU.Build.0 = Debug|Any CPU
		{3E12A4CB-339F-4F6D-8604-0D34AE164703}.Release|Any CPU.ActiveCfg = Release|Any CPU
		{3E12A4CB-339F-4F6D-8604-0D34AE164703}.Release|Any CPU.Build.0 = Release|Any CPU
		{F304CD25-CD30-4706-8BC4-AFAFD31F7FEA}.Debug|Any CPU.ActiveCfg = Debug|Any CPU
		{F304CD25-CD30-4706-8BC4-AFAFD31F7FEA}.Debug|Any CPU.Build.0 = Debug|Any CPU
		{F304CD25-CD30-4706-8BC4-AFAFD31F7FEA}.Release|Any CPU.ActiveCfg = Release|Any CPU
		{F304CD25-CD30-4706-8BC4-AFAFD31F7FEA}.Release|Any CPU.Build.0 = Release|Any CPU
		{06CA98F4-C26F-412B-A66C-D9E2A449D059}.Debug|Any CPU.ActiveCfg = Debug|Any CPU
		{06CA98F4-C26F-412B-A66C-D9E2A449D059}.Debug|Any CPU.Build.0 = Debug|Any CPU
		{06CA98F4-C26F-412B-A66C-D9E2A449D059}.Release|Any CPU.ActiveCfg = Release|Any CPU
		{06CA98F4-C26F-412B-A66C-D9E2A449D059}.Release|Any CPU.Build.0 = Release|Any CPU
		{93CFB097-D6CA-43FE-99F1-7D7877583460}.Debug|Any CPU.ActiveCfg = Debug|Any CPU
		{93CFB097-D6CA-43FE-99F1-7D7877583460}.Debug|Any CPU.Build.0 = Debug|Any CPU
		{93CFB097-D6CA-43FE-99F1-7D7877583460}.Release|Any CPU.ActiveCfg = Release|Any CPU
		{93CFB097-D6CA-43FE-99F1-7D7877583460}.Release|Any CPU.Build.0 = Release|Any CPU
		{EBEB21E4-9943-499E-8303-62AF2B52B645}.Debug|Any CPU.ActiveCfg = Debug|Any CPU
		{EBEB21E4-9943-499E-8303-62AF2B52B645}.Debug|Any CPU.Build.0 = Debug|Any CPU
		{EBEB21E4-9943-499E-8303-62AF2B52B645}.Release|Any CPU.ActiveCfg = Release|Any CPU
		{EBEB21E4-9943-499E-8303-62AF2B52B645}.Release|Any CPU.Build.0 = Release|Any CPU
		{05B6B073-6F91-4C45-A65B-0B9508C31AC2}.Debug|Any CPU.ActiveCfg = Debug|Any CPU
		{05B6B073-6F91-4C45-A65B-0B9508C31AC2}.Debug|Any CPU.Build.0 = Debug|Any CPU
		{05B6B073-6F91-4C45-A65B-0B9508C31AC2}.Release|Any CPU.ActiveCfg = Release|Any CPU
		{05B6B073-6F91-4C45-A65B-0B9508C31AC2}.Release|Any CPU.Build.0 = Release|Any CPU
		{CEC89708-5CEB-4CB6-A822-E41A8C29A0E3}.Debug|Any CPU.ActiveCfg = Debug|Any CPU
		{CEC89708-5CEB-4CB6-A822-E41A8C29A0E3}.Debug|Any CPU.Build.0 = Debug|Any CPU
		{CEC89708-5CEB-4CB6-A822-E41A8C29A0E3}.Release|Any CPU.ActiveCfg = Release|Any CPU
		{CEC89708-5CEB-4CB6-A822-E41A8C29A0E3}.Release|Any CPU.Build.0 = Release|Any CPU
		{F09DB146-8337-4173-B07F-66C354C03D52}.Debug|Any CPU.ActiveCfg = Debug|Any CPU
		{F09DB146-8337-4173-B07F-66C354C03D52}.Debug|Any CPU.Build.0 = Debug|Any CPU
		{F09DB146-8337-4173-B07F-66C354C03D52}.Release|Any CPU.ActiveCfg = Release|Any CPU
		{F09DB146-8337-4173-B07F-66C354C03D52}.Release|Any CPU.Build.0 = Release|Any CPU
		{7D217D27-D905-4A82-8C2E-0959C8FBF9B7}.Debug|Any CPU.ActiveCfg = Debug|Any CPU
		{7D217D27-D905-4A82-8C2E-0959C8FBF9B7}.Debug|Any CPU.Build.0 = Debug|Any CPU
		{7D217D27-D905-4A82-8C2E-0959C8FBF9B7}.Release|Any CPU.ActiveCfg = Release|Any CPU
		{7D217D27-D905-4A82-8C2E-0959C8FBF9B7}.Release|Any CPU.Build.0 = Release|Any CPU
		{460A127A-3D5E-425A-B34F-FD069F4AF9EC}.Debug|Any CPU.ActiveCfg = Debug|Any CPU
		{460A127A-3D5E-425A-B34F-FD069F4AF9EC}.Debug|Any CPU.Build.0 = Debug|Any CPU
		{460A127A-3D5E-425A-B34F-FD069F4AF9EC}.Release|Any CPU.ActiveCfg = Release|Any CPU
		{460A127A-3D5E-425A-B34F-FD069F4AF9EC}.Release|Any CPU.Build.0 = Release|Any CPU
		{1F11EA79-3BEA-43DE-8938-6E96BB1FD668}.Debug|Any CPU.ActiveCfg = Debug|Any CPU
		{1F11EA79-3BEA-43DE-8938-6E96BB1FD668}.Debug|Any CPU.Build.0 = Debug|Any CPU
		{1F11EA79-3BEA-43DE-8938-6E96BB1FD668}.Release|Any CPU.ActiveCfg = Release|Any CPU
		{1F11EA79-3BEA-43DE-8938-6E96BB1FD668}.Release|Any CPU.Build.0 = Release|Any CPU
		{ADB3E4F1-AB50-4FE5-8CF6-F0618FBC3455}.Debug|Any CPU.ActiveCfg = Debug|Any CPU
		{ADB3E4F1-AB50-4FE5-8CF6-F0618FBC3455}.Debug|Any CPU.Build.0 = Debug|Any CPU
		{ADB3E4F1-AB50-4FE5-8CF6-F0618FBC3455}.Release|Any CPU.ActiveCfg = Release|Any CPU
		{ADB3E4F1-AB50-4FE5-8CF6-F0618FBC3455}.Release|Any CPU.Build.0 = Release|Any CPU
		{EA019526-C4CA-412B-B9BF-05226497FEE0}.Debug|Any CPU.ActiveCfg = Debug|Any CPU
		{EA019526-C4CA-412B-B9BF-05226497FEE0}.Debug|Any CPU.Build.0 = Debug|Any CPU
		{EA019526-C4CA-412B-B9BF-05226497FEE0}.Release|Any CPU.ActiveCfg = Release|Any CPU
		{EA019526-C4CA-412B-B9BF-05226497FEE0}.Release|Any CPU.Build.0 = Release|Any CPU
		{6D4D11C5-7DF9-4380-A95B-51B74965266A}.Debug|Any CPU.ActiveCfg = Debug|Any CPU
		{6D4D11C5-7DF9-4380-A95B-51B74965266A}.Debug|Any CPU.Build.0 = Debug|Any CPU
		{6D4D11C5-7DF9-4380-A95B-51B74965266A}.Release|Any CPU.ActiveCfg = Release|Any CPU
		{6D4D11C5-7DF9-4380-A95B-51B74965266A}.Release|Any CPU.Build.0 = Release|Any CPU
		{1E33FF49-A858-425C-A93C-45ACBE6D54A1}.Debug|Any CPU.ActiveCfg = Debug|Any CPU
		{1E33FF49-A858-425C-A93C-45ACBE6D54A1}.Debug|Any CPU.Build.0 = Debug|Any CPU
		{1E33FF49-A858-425C-A93C-45ACBE6D54A1}.Release|Any CPU.ActiveCfg = Release|Any CPU
		{1E33FF49-A858-425C-A93C-45ACBE6D54A1}.Release|Any CPU.Build.0 = Release|Any CPU
		{52521B8A-9F5C-4CC6-9852-0851A138908E}.Debug|Any CPU.ActiveCfg = Debug|Any CPU
		{52521B8A-9F5C-4CC6-9852-0851A138908E}.Debug|Any CPU.Build.0 = Debug|Any CPU
		{52521B8A-9F5C-4CC6-9852-0851A138908E}.Release|Any CPU.ActiveCfg = Release|Any CPU
		{52521B8A-9F5C-4CC6-9852-0851A138908E}.Release|Any CPU.Build.0 = Release|Any CPU
		{AC04D3EF-6917-4739-B842-C433BA8D9474}.Debug|Any CPU.ActiveCfg = Debug|Any CPU
		{AC04D3EF-6917-4739-B842-C433BA8D9474}.Debug|Any CPU.Build.0 = Debug|Any CPU
		{AC04D3EF-6917-4739-B842-C433BA8D9474}.Release|Any CPU.ActiveCfg = Release|Any CPU
		{AC04D3EF-6917-4739-B842-C433BA8D9474}.Release|Any CPU.Build.0 = Release|Any CPU
		{0C890565-A2AA-4B9B-8959-050EA0D1E17B}.Debug|Any CPU.ActiveCfg = Debug|Any CPU
		{0C890565-A2AA-4B9B-8959-050EA0D1E17B}.Debug|Any CPU.Build.0 = Debug|Any CPU
		{0C890565-A2AA-4B9B-8959-050EA0D1E17B}.Release|Any CPU.ActiveCfg = Release|Any CPU
		{0C890565-A2AA-4B9B-8959-050EA0D1E17B}.Release|Any CPU.Build.0 = Release|Any CPU
		{1A7AF77C-D5A0-4E1A-8E43-E0F62DDB4F97}.Debug|Any CPU.ActiveCfg = Debug|Any CPU
		{1A7AF77C-D5A0-4E1A-8E43-E0F62DDB4F97}.Debug|Any CPU.Build.0 = Debug|Any CPU
		{1A7AF77C-D5A0-4E1A-8E43-E0F62DDB4F97}.Release|Any CPU.ActiveCfg = Release|Any CPU
		{1A7AF77C-D5A0-4E1A-8E43-E0F62DDB4F97}.Release|Any CPU.Build.0 = Release|Any CPU
		{4B234A35-71EB-4434-AD24-4D812DEA12FD}.Debug|Any CPU.ActiveCfg = Debug|Any CPU
		{4B234A35-71EB-4434-AD24-4D812DEA12FD}.Debug|Any CPU.Build.0 = Debug|Any CPU
		{4B234A35-71EB-4434-AD24-4D812DEA12FD}.Release|Any CPU.ActiveCfg = Release|Any CPU
		{4B234A35-71EB-4434-AD24-4D812DEA12FD}.Release|Any CPU.Build.0 = Release|Any CPU
		{4B88F48D-7274-4008-99F5-6EBCD55EDB03}.Debug|Any CPU.ActiveCfg = Debug|Any CPU
		{4B88F48D-7274-4008-99F5-6EBCD55EDB03}.Debug|Any CPU.Build.0 = Debug|Any CPU
		{4B88F48D-7274-4008-99F5-6EBCD55EDB03}.Release|Any CPU.ActiveCfg = Release|Any CPU
		{4B88F48D-7274-4008-99F5-6EBCD55EDB03}.Release|Any CPU.Build.0 = Release|Any CPU
		{0B054BEA-F400-41DF-A092-DE8574D35030}.Debug|Any CPU.ActiveCfg = Debug|Any CPU
		{0B054BEA-F400-41DF-A092-DE8574D35030}.Debug|Any CPU.Build.0 = Debug|Any CPU
		{0B054BEA-F400-41DF-A092-DE8574D35030}.Release|Any CPU.ActiveCfg = Release|Any CPU
		{0B054BEA-F400-41DF-A092-DE8574D35030}.Release|Any CPU.Build.0 = Release|Any CPU
		{F2382E78-4C4D-4FE7-AB06-5DF977AD7515}.Debug|Any CPU.ActiveCfg = Debug|Any CPU
		{F2382E78-4C4D-4FE7-AB06-5DF977AD7515}.Debug|Any CPU.Build.0 = Debug|Any CPU
		{F2382E78-4C4D-4FE7-AB06-5DF977AD7515}.Release|Any CPU.ActiveCfg = Release|Any CPU
		{F2382E78-4C4D-4FE7-AB06-5DF977AD7515}.Release|Any CPU.Build.0 = Release|Any CPU
		{7CDEA312-F3C8-4BE4-B88B-729012341734}.Debug|Any CPU.ActiveCfg = Debug|Any CPU
		{7CDEA312-F3C8-4BE4-B88B-729012341734}.Debug|Any CPU.Build.0 = Debug|Any CPU
		{7CDEA312-F3C8-4BE4-B88B-729012341734}.Release|Any CPU.ActiveCfg = Release|Any CPU
		{7CDEA312-F3C8-4BE4-B88B-729012341734}.Release|Any CPU.Build.0 = Release|Any CPU
		{0D3DC06D-8F99-49E9-8D32-8D28B46E063F}.Debug|Any CPU.ActiveCfg = Debug|Any CPU
		{0D3DC06D-8F99-49E9-8D32-8D28B46E063F}.Debug|Any CPU.Build.0 = Debug|Any CPU
		{0D3DC06D-8F99-49E9-8D32-8D28B46E063F}.Release|Any CPU.ActiveCfg = Release|Any CPU
		{0D3DC06D-8F99-49E9-8D32-8D28B46E063F}.Release|Any CPU.Build.0 = Release|Any CPU
		{D1E305FB-C51F-49BB-9484-918970FA9C52}.Debug|Any CPU.ActiveCfg = Debug|Any CPU
		{D1E305FB-C51F-49BB-9484-918970FA9C52}.Debug|Any CPU.Build.0 = Debug|Any CPU
		{D1E305FB-C51F-49BB-9484-918970FA9C52}.Release|Any CPU.ActiveCfg = Release|Any CPU
		{D1E305FB-C51F-49BB-9484-918970FA9C52}.Release|Any CPU.Build.0 = Release|Any CPU
		{948CE54D-7E0B-48E5-9547-013F85939BCE}.Debug|Any CPU.ActiveCfg = Debug|Any CPU
		{948CE54D-7E0B-48E5-9547-013F85939BCE}.Debug|Any CPU.Build.0 = Debug|Any CPU
		{948CE54D-7E0B-48E5-9547-013F85939BCE}.Release|Any CPU.ActiveCfg = Release|Any CPU
		{948CE54D-7E0B-48E5-9547-013F85939BCE}.Release|Any CPU.Build.0 = Release|Any CPU
		{3984CD09-C944-4D39-A0E5-6D4260D1E121}.Debug|Any CPU.ActiveCfg = Debug|Any CPU
		{3984CD09-C944-4D39-A0E5-6D4260D1E121}.Debug|Any CPU.Build.0 = Debug|Any CPU
		{3984CD09-C944-4D39-A0E5-6D4260D1E121}.Release|Any CPU.ActiveCfg = Release|Any CPU
		{3984CD09-C944-4D39-A0E5-6D4260D1E121}.Release|Any CPU.Build.0 = Release|Any CPU
		{2610B078-C519-47E8-AFD3-94F950E4299A}.Debug|Any CPU.ActiveCfg = Debug|Any CPU
		{2610B078-C519-47E8-AFD3-94F950E4299A}.Debug|Any CPU.Build.0 = Debug|Any CPU
		{2610B078-C519-47E8-AFD3-94F950E4299A}.Release|Any CPU.ActiveCfg = Release|Any CPU
		{2610B078-C519-47E8-AFD3-94F950E4299A}.Release|Any CPU.Build.0 = Release|Any CPU
		{15A56939-E7B5-44AE-99E0-A85BB2CBA5A2}.Debug|Any CPU.ActiveCfg = Debug|Any CPU
		{15A56939-E7B5-44AE-99E0-A85BB2CBA5A2}.Debug|Any CPU.Build.0 = Debug|Any CPU
		{15A56939-E7B5-44AE-99E0-A85BB2CBA5A2}.Release|Any CPU.ActiveCfg = Release|Any CPU
		{15A56939-E7B5-44AE-99E0-A85BB2CBA5A2}.Release|Any CPU.Build.0 = Release|Any CPU
		{27E0A6DD-0457-477C-99DF-2AD6C0D26E86}.Debug|Any CPU.ActiveCfg = Debug|Any CPU
		{27E0A6DD-0457-477C-99DF-2AD6C0D26E86}.Debug|Any CPU.Build.0 = Debug|Any CPU
		{27E0A6DD-0457-477C-99DF-2AD6C0D26E86}.Release|Any CPU.ActiveCfg = Release|Any CPU
		{27E0A6DD-0457-477C-99DF-2AD6C0D26E86}.Release|Any CPU.Build.0 = Release|Any CPU
		{99AD0601-22EB-4BA2-AAC8-706FF3A3B93A}.Debug|Any CPU.ActiveCfg = Debug|Any CPU
		{99AD0601-22EB-4BA2-AAC8-706FF3A3B93A}.Debug|Any CPU.Build.0 = Debug|Any CPU
		{99AD0601-22EB-4BA2-AAC8-706FF3A3B93A}.Release|Any CPU.ActiveCfg = Release|Any CPU
		{99AD0601-22EB-4BA2-AAC8-706FF3A3B93A}.Release|Any CPU.Build.0 = Release|Any CPU
		{4F422607-1F58-418A-A0EA-B5D0B6436017}.Debug|Any CPU.ActiveCfg = Debug|Any CPU
		{4F422607-1F58-418A-A0EA-B5D0B6436017}.Debug|Any CPU.Build.0 = Debug|Any CPU
		{4F422607-1F58-418A-A0EA-B5D0B6436017}.Release|Any CPU.ActiveCfg = Release|Any CPU
		{4F422607-1F58-418A-A0EA-B5D0B6436017}.Release|Any CPU.Build.0 = Release|Any CPU
		{42407537-4F00-4065-AD87-8C04F4B74AAB}.Debug|Any CPU.ActiveCfg = Debug|Any CPU
		{42407537-4F00-4065-AD87-8C04F4B74AAB}.Debug|Any CPU.Build.0 = Debug|Any CPU
		{42407537-4F00-4065-AD87-8C04F4B74AAB}.Release|Any CPU.ActiveCfg = Release|Any CPU
		{42407537-4F00-4065-AD87-8C04F4B74AAB}.Release|Any CPU.Build.0 = Release|Any CPU
		{B0EA6251-A0A8-4FE1-A777-D1F83B5C61F6}.Debug|Any CPU.ActiveCfg = Debug|Any CPU
		{B0EA6251-A0A8-4FE1-A777-D1F83B5C61F6}.Debug|Any CPU.Build.0 = Debug|Any CPU
		{B0EA6251-A0A8-4FE1-A777-D1F83B5C61F6}.Release|Any CPU.ActiveCfg = Release|Any CPU
		{B0EA6251-A0A8-4FE1-A777-D1F83B5C61F6}.Release|Any CPU.Build.0 = Release|Any CPU
		{13A9CFE3-AC6E-4E3A-A370-84DF996BA040}.Debug|Any CPU.ActiveCfg = Debug|Any CPU
		{13A9CFE3-AC6E-4E3A-A370-84DF996BA040}.Debug|Any CPU.Build.0 = Debug|Any CPU
		{13A9CFE3-AC6E-4E3A-A370-84DF996BA040}.Release|Any CPU.ActiveCfg = Release|Any CPU
		{13A9CFE3-AC6E-4E3A-A370-84DF996BA040}.Release|Any CPU.Build.0 = Release|Any CPU
		{778F3879-D6B0-4058-88E6-162687A222C0}.Debug|Any CPU.ActiveCfg = Debug|Any CPU
		{778F3879-D6B0-4058-88E6-162687A222C0}.Debug|Any CPU.Build.0 = Debug|Any CPU
		{778F3879-D6B0-4058-88E6-162687A222C0}.Release|Any CPU.ActiveCfg = Release|Any CPU
		{778F3879-D6B0-4058-88E6-162687A222C0}.Release|Any CPU.Build.0 = Release|Any CPU
		{D8033C19-89CD-4ACB-A8E7-1C3AEC89C84D}.Debug|Any CPU.ActiveCfg = Debug|Any CPU
		{D8033C19-89CD-4ACB-A8E7-1C3AEC89C84D}.Debug|Any CPU.Build.0 = Debug|Any CPU
		{D8033C19-89CD-4ACB-A8E7-1C3AEC89C84D}.Release|Any CPU.ActiveCfg = Release|Any CPU
		{D8033C19-89CD-4ACB-A8E7-1C3AEC89C84D}.Release|Any CPU.Build.0 = Release|Any CPU
	EndGlobalSection
	GlobalSection(SolutionProperties) = preSolution
		HideSolutionNode = FALSE
	EndGlobalSection
	GlobalSection(NestedProjects) = preSolution
		{AE0589B8-A757-4FD1-B618-CA18EB16C8E6} = {4F5475A7-923E-45B6-9A86-2BB75C319C56}
		{B460BE00-CD0B-4CA2-A488-043446D74984} = {4F5475A7-923E-45B6-9A86-2BB75C319C56}
		{ABC91D37-0440-494A-87BB-3921864D734C} = {4F5475A7-923E-45B6-9A86-2BB75C319C56}
		{0FE0FE5E-21D2-4618-86D2-871C9D38416E} = {4F5475A7-923E-45B6-9A86-2BB75C319C56}
		{F40481B5-9C12-4DD6-9D22-6A7F07A2CDDB} = {4F5475A7-923E-45B6-9A86-2BB75C319C56}
		{F55264F9-E4F6-474C-BBF8-45D28656C7F0} = {B026413A-88F5-4745-98C1-E4BE6907D59A}
		{C7425DC3-3EAF-4D5C-AB95-89247E65104D} = {B026413A-88F5-4745-98C1-E4BE6907D59A}
		{D5FF0BC9-3A66-414D-9838-E22E05F33030} = {401A2F35-141B-4E32-B349-EC3D5810F0DB}
		{C7AD9C22-EA6F-43A6-9F08-9D057914CBEA} = {401A2F35-141B-4E32-B349-EC3D5810F0DB}
		{6FE49BEF-1ECD-4745-B037-5536E782C8C8} = {401A2F35-141B-4E32-B349-EC3D5810F0DB}
		{22228C30-03D0-4E75-BCD8-30F553F44906} = {401A2F35-141B-4E32-B349-EC3D5810F0DB}
		{293C0384-EBEE-45B1-8C55-F95B298F815D} = {F4D39717-69D2-4E33-B729-C09ED9020D66}
		{F8CFAC46-2460-4515-A2E2-F820F2FF2A1E} = {F4D39717-69D2-4E33-B729-C09ED9020D66}
		{E640C385-3DC1-4A85-AAB7-7AC6545153C2} = {F4D39717-69D2-4E33-B729-C09ED9020D66}
		{408235BC-C665-4675-BB47-2EFCF3E839E4} = {F4D39717-69D2-4E33-B729-C09ED9020D66}
		{A0971BA4-2B30-4B62-B8B6-2123B71F0D6C} = {F4D39717-69D2-4E33-B729-C09ED9020D66}
		{9FF2A194-0AED-4779-B5C3-DA70B75FB9DA} = {F4D39717-69D2-4E33-B729-C09ED9020D66}
		{365FD0BB-B14E-435B-9A62-E69A29C9C298} = {F4D39717-69D2-4E33-B729-C09ED9020D66}
		{FF830354-4AD0-4F00-8BBC-60CB9C1D5271} = {F4D39717-69D2-4E33-B729-C09ED9020D66}
		{BC813CC7-8E28-43D2-9E38-E4642C8BCA98} = {F4D39717-69D2-4E33-B729-C09ED9020D66}
		{AB2A2DFA-4C8A-4C25-9883-77F9AD09BD1A} = {2F5B29C8-2DB7-4595-B0B3-D8E7676D6E9C}
		{A41A7D34-66DE-456F-BC56-CE3A88594B70} = {2F5B29C8-2DB7-4595-B0B3-D8E7676D6E9C}
		{24541E69-2374-4E3E-8613-D526E12FA255} = {2F5B29C8-2DB7-4595-B0B3-D8E7676D6E9C}
		{1C967487-97D5-4BEB-AE3D-992AB2575AA3} = {2F5B29C8-2DB7-4595-B0B3-D8E7676D6E9C}
		{45465791-951E-4C31-B093-8A0EB32A7859} = {DE715D84-ECF9-4E5E-9CB1-94EF74A0E529}
		{D78FDF37-8F42-4907-8231-A31BF5DF9F52} = {DE715D84-ECF9-4E5E-9CB1-94EF74A0E529}
		{086DD234-47F0-46A6-9062-BD813D9B55AD} = {DE715D84-ECF9-4E5E-9CB1-94EF74A0E529}
		{F39ED334-E9AE-4ED8-BD8A-4D12F486A55A} = {DE715D84-ECF9-4E5E-9CB1-94EF74A0E529}
		{122CC398-5FCD-4B20-BD2F-71CE88D551EE} = {D6D7DD17-370D-4B3B-BC9F-260B4B8DF8E6}
		{CDB7F734-1C72-482E-AB3B-3E2BD64924C1} = {D6D7DD17-370D-4B3B-BC9F-260B4B8DF8E6}
		{1B7AC463-F5E2-460E-87E3-144CA616312C} = {D6D7DD17-370D-4B3B-BC9F-260B4B8DF8E6}
		{286A4C36-FD87-4B10-8956-089D94DD00FB} = {3339DDF9-87F9-4ABA-82A4-36DD880D92A9}
		{9F259E59-868B-4A4A-80A1-8A25430A8A0B} = {3339DDF9-87F9-4ABA-82A4-36DD880D92A9}
		{C0F4F762-CA02-4B6D-B4BF-9C046B5DD3E2} = {3339DDF9-87F9-4ABA-82A4-36DD880D92A9}
		{02689A3E-537B-4FEB-9965-4304301AF9E0} = {3339DDF9-87F9-4ABA-82A4-36DD880D92A9}
		{8547CB12-01B4-495E-A59C-3D924106C90C} = {3339DDF9-87F9-4ABA-82A4-36DD880D92A9}
		{B51278C0-3AA5-4C7A-A9A4-D61E2476CC9E} = {3339DDF9-87F9-4ABA-82A4-36DD880D92A9}
		{F317678F-984A-46C4-A552-D58705EA3163} = {3339DDF9-87F9-4ABA-82A4-36DD880D92A9}
		{32895AEA-FC42-48FA-AEA9-9C479EDE09CE} = {3339DDF9-87F9-4ABA-82A4-36DD880D92A9}
		{27A661D6-F65D-4B0B-B818-EE7F5D35E0C2} = {8FFE20E3-41C2-4C42-BF9F-9525F80B5BB3}
		{1E2CB4F8-7F48-4A86-9D14-892EF0CDFEBD} = {8FFE20E3-41C2-4C42-BF9F-9525F80B5BB3}
		{1E35B78A-151A-4DE1-8C92-9C5FB7567AD5} = {8FFE20E3-41C2-4C42-BF9F-9525F80B5BB3}
		{C754A87B-6B27-4C9A-A851-1155DA9F7336} = {8FFE20E3-41C2-4C42-BF9F-9525F80B5BB3}
		{E03166E4-0106-4F84-BEC5-FD03F6D43C88} = {8FFE20E3-41C2-4C42-BF9F-9525F80B5BB3}
		{3C4FA81D-3143-4B96-9469-1120079006FF} = {8FFE20E3-41C2-4C42-BF9F-9525F80B5BB3}
		{9BA9C9E0-8F1B-498A-9F47-E6538F0347EE} = {8FFE20E3-41C2-4C42-BF9F-9525F80B5BB3}
		{56C32912-B1BC-4493-BF06-83B5DE174A2F} = {871BB4AC-88AC-455B-90B5-36B063B053DB}
		{B8D98BE4-E475-4BAF-B9C6-FF4C0B83ADD5} = {871BB4AC-88AC-455B-90B5-36B063B053DB}
		{2ABC9211-96DC-471B-A31B-247226619024} = {444B41BF-A3C9-47DE-8A85-4B046C71389B}
		{FA7070D2-89F1-4B6A-9C14-30786BC67645} = {444B41BF-A3C9-47DE-8A85-4B046C71389B}
		{D1CCCE0E-B45C-4B52-9465-5886BD9745E6} = {AA616256-7636-4C1B-8A2D-7BB6FF9AA268}
		{1B9E57E1-2F82-464D-9177-B5929E7E5B43} = {AA616256-7636-4C1B-8A2D-7BB6FF9AA268}
		{3E12A4CB-339F-4F6D-8604-0D34AE164703} = {AA616256-7636-4C1B-8A2D-7BB6FF9AA268}
		{F304CD25-CD30-4706-8BC4-AFAFD31F7FEA} = {6E4C4A13-70DC-41F0-817C-FBCFA8086807}
		{06CA98F4-C26F-412B-A66C-D9E2A449D059} = {6E4C4A13-70DC-41F0-817C-FBCFA8086807}
		{93CFB097-D6CA-43FE-99F1-7D7877583460} = {6E4C4A13-70DC-41F0-817C-FBCFA8086807}
		{EBEB21E4-9943-499E-8303-62AF2B52B645} = {6E4C4A13-70DC-41F0-817C-FBCFA8086807}
		{05B6B073-6F91-4C45-A65B-0B9508C31AC2} = {6E4C4A13-70DC-41F0-817C-FBCFA8086807}
		{CEC89708-5CEB-4CB6-A822-E41A8C29A0E3} = {6E4C4A13-70DC-41F0-817C-FBCFA8086807}
		{F09DB146-8337-4173-B07F-66C354C03D52} = {6E4C4A13-70DC-41F0-817C-FBCFA8086807}
		{7D217D27-D905-4A82-8C2E-0959C8FBF9B7} = {6E4C4A13-70DC-41F0-817C-FBCFA8086807}
		{460A127A-3D5E-425A-B34F-FD069F4AF9EC} = {6E4C4A13-70DC-41F0-817C-FBCFA8086807}
		{1F11EA79-3BEA-43DE-8938-6E96BB1FD668} = {6E4C4A13-70DC-41F0-817C-FBCFA8086807}
		{ADB3E4F1-AB50-4FE5-8CF6-F0618FBC3455} = {6E4C4A13-70DC-41F0-817C-FBCFA8086807}
		{EA019526-C4CA-412B-B9BF-05226497FEE0} = {6E4C4A13-70DC-41F0-817C-FBCFA8086807}
		{6D4D11C5-7DF9-4380-A95B-51B74965266A} = {6E4C4A13-70DC-41F0-817C-FBCFA8086807}
		{1E33FF49-A858-425C-A93C-45ACBE6D54A1} = {6E4C4A13-70DC-41F0-817C-FBCFA8086807}
		{52521B8A-9F5C-4CC6-9852-0851A138908E} = {6E4C4A13-70DC-41F0-817C-FBCFA8086807}
		{AC04D3EF-6917-4739-B842-C433BA8D9474} = {6E4C4A13-70DC-41F0-817C-FBCFA8086807}
		{0C890565-A2AA-4B9B-8959-050EA0D1E17B} = {6E4C4A13-70DC-41F0-817C-FBCFA8086807}
		{1A7AF77C-D5A0-4E1A-8E43-E0F62DDB4F97} = {6E4C4A13-70DC-41F0-817C-FBCFA8086807}
		{4B234A35-71EB-4434-AD24-4D812DEA12FD} = {6E4C4A13-70DC-41F0-817C-FBCFA8086807}
		{4B88F48D-7274-4008-99F5-6EBCD55EDB03} = {6E4C4A13-70DC-41F0-817C-FBCFA8086807}
		{0B054BEA-F400-41DF-A092-DE8574D35030} = {6E4C4A13-70DC-41F0-817C-FBCFA8086807}
		{F2382E78-4C4D-4FE7-AB06-5DF977AD7515} = {62775FCC-5418-445E-95F2-828B7E430D63}
		{7CDEA312-F3C8-4BE4-B88B-729012341734} = {62775FCC-5418-445E-95F2-828B7E430D63}
		{0D3DC06D-8F99-49E9-8D32-8D28B46E063F} = {62775FCC-5418-445E-95F2-828B7E430D63}
		{D1E305FB-C51F-49BB-9484-918970FA9C52} = {62775FCC-5418-445E-95F2-828B7E430D63}
		{948CE54D-7E0B-48E5-9547-013F85939BCE} = {62775FCC-5418-445E-95F2-828B7E430D63}
		{3984CD09-C944-4D39-A0E5-6D4260D1E121} = {B1B8762B-C429-4345-9BD6-A0D0E9ECACE7}
		{2610B078-C519-47E8-AFD3-94F950E4299A} = {88CC9384-AC03-4AE5-977F-DC125902B931}
		{15A56939-E7B5-44AE-99E0-A85BB2CBA5A2} = {0A3EA027-3D66-4155-A326-27DBAAEDCAD9}
		{27E0A6DD-0457-477C-99DF-2AD6C0D26E86} = {0A3EA027-3D66-4155-A326-27DBAAEDCAD9}
		{99AD0601-22EB-4BA2-AAC8-706FF3A3B93A} = {0A3EA027-3D66-4155-A326-27DBAAEDCAD9}
		{4F422607-1F58-418A-A0EA-B5D0B6436017} = {B37840D9-57DF-43A6-9B04-6395D998ABFD}
		{42407537-4F00-4065-AD87-8C04F4B74AAB} = {B37840D9-57DF-43A6-9B04-6395D998ABFD}
		{B0EA6251-A0A8-4FE1-A777-D1F83B5C61F6} = {4326C9CB-B4EE-407D-9477-4B6D73060DD1}
		{13A9CFE3-AC6E-4E3A-A370-84DF996BA040} = {E6D21AE1-C6FE-418A-9CFE-0FF96A7B7E3E}
		{778F3879-D6B0-4058-88E6-162687A222C0} = {E6D21AE1-C6FE-418A-9CFE-0FF96A7B7E3E}
		{D8033C19-89CD-4ACB-A8E7-1C3AEC89C84D} = {E6D21AE1-C6FE-418A-9CFE-0FF96A7B7E3E}
	EndGlobalSection
	GlobalSection(ExtensibilityGlobals) = postSolution
		SolutionGuid = {7C7FC40E-460E-4DB6-9DA5-7173A4A12B5E}
	EndGlobalSection
EndGlobal
